// !$*UTF8*$!
{
	archiveVersion = 1;
	classes = {
	};
	objectVersion = 55;
	objects = {

/* Begin PBXBuildFile section */
		F807C8BE29C9132600B7B239 /* LabelView.swift in Sources */ = {isa = PBXBuildFile; fileRef = F807C8BD29C9132600B7B239 /* LabelView.swift */; };
		F807C8C129C9144500B7B239 /* LabelField.swift in Sources */ = {isa = PBXBuildFile; fileRef = F807C8C029C9144500B7B239 /* LabelField.swift */; };
		F807C8C329C9161B00B7B239 /* EditIconView.swift in Sources */ = {isa = PBXBuildFile; fileRef = F807C8C229C9161B00B7B239 /* EditIconView.swift */; };
		F807C8C529C9170500B7B239 /* CheckmarkIconView.swift in Sources */ = {isa = PBXBuildFile; fileRef = F807C8C429C9170500B7B239 /* CheckmarkIconView.swift */; };
		F807C8C729C9172200B7B239 /* XMarkIconView.swift in Sources */ = {isa = PBXBuildFile; fileRef = F807C8C629C9172200B7B239 /* XMarkIconView.swift */; };
		F807C8C929C919A100B7B239 /* LabelColor.swift in Sources */ = {isa = PBXBuildFile; fileRef = F807C8C829C919A100B7B239 /* LabelColor.swift */; };
		F82EC63C29D54B62009C46BE /* DocumentContainer.swift in Sources */ = {isa = PBXBuildFile; fileRef = F8403DD729D521610027A196 /* DocumentContainer.swift */; };
		F82EC63D29D54B62009C46BE /* DocumentContainerVM.swift in Sources */ = {isa = PBXBuildFile; fileRef = F8403DD929D521830027A196 /* DocumentContainerVM.swift */; };
		F82EC63E29D54B62009C46BE /* SidebarView.swift in Sources */ = {isa = PBXBuildFile; fileRef = F8BF73D629C7FDFD00BA826E /* SidebarView.swift */; };
		F82EC63F29D54B62009C46BE /* GearIconVIew.swift in Sources */ = {isa = PBXBuildFile; fileRef = F832C8F029CAA34E00ECA57B /* GearIconVIew.swift */; };
		F82EC64029D54B62009C46BE /* LabelField.swift in Sources */ = {isa = PBXBuildFile; fileRef = F807C8C029C9144500B7B239 /* LabelField.swift */; };
		F82EC64129D54B62009C46BE /* EditIconView.swift in Sources */ = {isa = PBXBuildFile; fileRef = F807C8C229C9161B00B7B239 /* EditIconView.swift */; };
		F82EC64229D54B62009C46BE /* CheckmarkIconView.swift in Sources */ = {isa = PBXBuildFile; fileRef = F807C8C429C9170500B7B239 /* CheckmarkIconView.swift */; };
		F82EC64329D54B62009C46BE /* XMarkIconView.swift in Sources */ = {isa = PBXBuildFile; fileRef = F807C8C629C9172200B7B239 /* XMarkIconView.swift */; };
		F82EC64429D54B62009C46BE /* LabelView.swift in Sources */ = {isa = PBXBuildFile; fileRef = F807C8BD29C9132600B7B239 /* LabelView.swift */; };
		F82EC64529D54B62009C46BE /* LabelColor.swift in Sources */ = {isa = PBXBuildFile; fileRef = F807C8C829C919A100B7B239 /* LabelColor.swift */; };
		F82EC64629D54B62009C46BE /* LabelPalette.swift in Sources */ = {isa = PBXBuildFile; fileRef = F8A6B6FD29D2043300140A53 /* LabelPalette.swift */; };
		F82EC64729D54B62009C46BE /* LabelContextMenu.swift in Sources */ = {isa = PBXBuildFile; fileRef = F84D857C29CBEA35006538EA /* LabelContextMenu.swift */; };
		F82EC64829D54B62009C46BE /* BlockSpacer.swift in Sources */ = {isa = PBXBuildFile; fileRef = F8E8AF6F29BED2B90019E6CF /* BlockSpacer.swift */; };
		F82EC64929D54B62009C46BE /* BulletView.swift in Sources */ = {isa = PBXBuildFile; fileRef = F8E8AF6C29BECE560019E6CF /* BulletView.swift */; };
		F82EC64A29D54B62009C46BE /* BlockType.swift in Sources */ = {isa = PBXBuildFile; fileRef = F8E8AF6629BEC5760019E6CF /* BlockType.swift */; };
		F82EC64B29D54B62009C46BE /* EmptyBlockView.swift in Sources */ = {isa = PBXBuildFile; fileRef = F8EA066F29BD35960023F833 /* EmptyBlockView.swift */; };
		F82EC64C29D54B62009C46BE /* PromptField.swift in Sources */ = {isa = PBXBuildFile; fileRef = F880664329AB2EB3002A457D /* PromptField.swift */; };
		F82EC64D29D54B62009C46BE /* BodyView.swift in Sources */ = {isa = PBXBuildFile; fileRef = F8E8AF5D29BEC3AB0019E6CF /* BodyView.swift */; };
		F82EC64E29D54B62009C46BE /* HeadingView.swift in Sources */ = {isa = PBXBuildFile; fileRef = F8E8AF6329BEC3D90019E6CF /* HeadingView.swift */; };
		F82EC64F29D54B62009C46BE /* BlockView.swift in Sources */ = {isa = PBXBuildFile; fileRef = F86978C829A88398002D9570 /* BlockView.swift */; };
		F82EC65029D54B62009C46BE /* DocumentView.swift in Sources */ = {isa = PBXBuildFile; fileRef = F84D087629C808B100410C10 /* DocumentView.swift */; };
		F82EC65129D54B62009C46BE /* ArrowView.swift in Sources */ = {isa = PBXBuildFile; fileRef = F8AD578027C1D94400E07D82 /* ArrowView.swift */; };
		F82EC65229D54B62009C46BE /* TreeBulletView.swift in Sources */ = {isa = PBXBuildFile; fileRef = F81CC930279D0CF700A1F693 /* TreeBulletView.swift */; };
		F82EC65329D54B62009C46BE /* TreeTagView.swift in Sources */ = {isa = PBXBuildFile; fileRef = F81CC933279D0ECA00A1F693 /* TreeTagView.swift */; };
		F82EC65429D54B62009C46BE /* TreeViewAddView.swift in Sources */ = {isa = PBXBuildFile; fileRef = F8D9288A27A23686009CC9B9 /* TreeViewAddView.swift */; };
		F82EC65529D54B62009C46BE /* CheckmarkView.swift in Sources */ = {isa = PBXBuildFile; fileRef = F8D9289327A24688009CC9B9 /* CheckmarkView.swift */; };
		F82EC65629D54B62009C46BE /* TreeView.swift in Sources */ = {isa = PBXBuildFile; fileRef = F84D088529C81AAA00410C10 /* TreeView.swift */; };
		F82EC65729D54B62009C46BE /* TreeViewItem.swift in Sources */ = {isa = PBXBuildFile; fileRef = F832C8EE29CA61EF00ECA57B /* TreeViewItem.swift */; };
		F82EC65829D54B62009C46BE /* TreeViewLabel.swift in Sources */ = {isa = PBXBuildFile; fileRef = F81CC92A279D078D00A1F693 /* TreeViewLabel.swift */; };
		F82EC65929D54B62009C46BE /* TreeViewLine.swift in Sources */ = {isa = PBXBuildFile; fileRef = F832C8EA29CA5FDD00ECA57B /* TreeViewLine.swift */; };
		F82EC65A29D54B62009C46BE /* TreeViewSubline.swift in Sources */ = {isa = PBXBuildFile; fileRef = F832C8EC29CA5FE600ECA57B /* TreeViewSubline.swift */; };
		F82EC65B29D54B62009C46BE /* WorkspaceMenu.swift in Sources */ = {isa = PBXBuildFile; fileRef = F8158FCE29C7D348004E56C1 /* WorkspaceMenu.swift */; };
		F82EC65C29D54B62009C46BE /* LoadingView.swift in Sources */ = {isa = PBXBuildFile; fileRef = F8E5A70F27B1EC8D001A5C43 /* LoadingView.swift */; };
		F82EC65D29D54B62009C46BE /* MenuCardView.swift in Sources */ = {isa = PBXBuildFile; fileRef = F8BF73B729C7EB2700BA826E /* MenuCardView.swift */; };
		F82EC65E29D54B62009C46BE /* Workspace.swift in Sources */ = {isa = PBXBuildFile; fileRef = F8A6B6E029D0E40200140A53 /* Workspace.swift */; };
		F82EC65F29D54B62009C46BE /* Document.swift in Sources */ = {isa = PBXBuildFile; fileRef = F8A6B6DE29D0E3D800140A53 /* Document.swift */; };
		F82EC66029D54B62009C46BE /* Block.swift in Sources */ = {isa = PBXBuildFile; fileRef = F8A6B6DB29D0E39A00140A53 /* Block.swift */; };
		F82EC66129D54B62009C46BE /* Label.swift in Sources */ = {isa = PBXBuildFile; fileRef = F8A6B6E829D0EAFD00140A53 /* Label.swift */; };
		F82EC66229D54B62009C46BE /* LabelLink.swift in Sources */ = {isa = PBXBuildFile; fileRef = F8A6B70129D2740600140A53 /* LabelLink.swift */; };
		F82EC66329D54B62009C46BE /* User.swift in Sources */ = {isa = PBXBuildFile; fileRef = F8A6B6EF29D0FB8B00140A53 /* User.swift */; };
		F82EC66429D54B62009C46BE /* Graphnote.xcdatamodeld in Sources */ = {isa = PBXBuildFile; fileRef = F8D92883279FCEB9009CC9B9 /* Graphnote.xcdatamodeld */; };
		F82EC66529D54B62009C46BE /* DataController.swift in Sources */ = {isa = PBXBuildFile; fileRef = F8D92887279FD05B009CC9B9 /* DataController.swift */; };
		F82EC66629D54B62009C46BE /* LabelEntity.swift in Sources */ = {isa = PBXBuildFile; fileRef = F8A6B6E429D0E94E00140A53 /* LabelEntity.swift */; };
		F82EC66729D54B62009C46BE /* LabelLinkEntity.swift in Sources */ = {isa = PBXBuildFile; fileRef = F8A6B6FB29D1279300140A53 /* LabelLinkEntity.swift */; };
		F82EC66829D54B62009C46BE /* DocumentEntity.swift in Sources */ = {isa = PBXBuildFile; fileRef = F8F32C8227B9CDF6003B0DF9 /* DocumentEntity.swift */; };
		F82EC66929D54B62009C46BE /* BlockEntity.swift in Sources */ = {isa = PBXBuildFile; fileRef = F8EA066929BD1CFD0023F833 /* BlockEntity.swift */; };
		F82EC66A29D54B62009C46BE /* WorkspaceEntity.swift in Sources */ = {isa = PBXBuildFile; fileRef = F8F32C8527B9CDFB003B0DF9 /* WorkspaceEntity.swift */; };
		F82EC66B29D54B62009C46BE /* UserEntity.swift in Sources */ = {isa = PBXBuildFile; fileRef = F8A6B6F329D1028000140A53 /* UserEntity.swift */; };
		F82EC66C29D54B62009C46BE /* UserBuilder.swift in Sources */ = {isa = PBXBuildFile; fileRef = F8A6B6F529D10C6400140A53 /* UserBuilder.swift */; };
		F82EC66D29D54B62009C46BE /* UserRepo.swift in Sources */ = {isa = PBXBuildFile; fileRef = F8A6B6F129D1008200140A53 /* UserRepo.swift */; };
		F82EC66E29D54B62009C46BE /* WorkspaceRepo.swift in Sources */ = {isa = PBXBuildFile; fileRef = F8A6B6ED29D0F0D300140A53 /* WorkspaceRepo.swift */; };
		F82EC66F29D54B62009C46BE /* DocumentRepo.swift in Sources */ = {isa = PBXBuildFile; fileRef = F8A6B6F729D1140400140A53 /* DocumentRepo.swift */; };
		F82EC67029D54B62009C46BE /* LabelRepo.swift in Sources */ = {isa = PBXBuildFile; fileRef = F8A6B6F929D11D5B00140A53 /* LabelRepo.swift */; };
		F82EC67129D54B62009C46BE /* LabelLinkRepo.swift in Sources */ = {isa = PBXBuildFile; fileRef = F8403DD429D3B1440027A196 /* LabelLinkRepo.swift */; };
		F82EC67229D54B62009C46BE /* DataSeeder.swift in Sources */ = {isa = PBXBuildFile; fileRef = F8A6B6E629D0EAA900140A53 /* DataSeeder.swift */; };
		F82EC67329D54B62009C46BE /* SettingsView.swift in Sources */ = {isa = PBXBuildFile; fileRef = F832C8F229CAA43400ECA57B /* SettingsView.swift */; };
		F82EC67429D54B62009C46BE /* TreeDocumentIdentifier.swift in Sources */ = {isa = PBXBuildFile; fileRef = F875124827B4A11500E86D57 /* TreeDocumentIdentifier.swift */; };
		F82EC67529D54B62009C46BE /* Spacing.swift in Sources */ = {isa = PBXBuildFile; fileRef = F8E19E5629A8669000BD0BB9 /* Spacing.swift */; };
		F82EC67629D54B62009C46BE /* ColorPalette.swift in Sources */ = {isa = PBXBuildFile; fileRef = F8E19E5929A8695B00BD0BB9 /* ColorPalette.swift */; };
		F82EC67929D54BB6009C46BE /* GNColor.swift in Sources */ = {isa = PBXBuildFile; fileRef = F82EC67829D54BB6009C46BE /* GNColor.swift */; };
		F82EC67A29D54C26009C46BE /* GNColor.swift in Sources */ = {isa = PBXBuildFile; fileRef = F82EC67829D54BB6009C46BE /* GNColor.swift */; };
		F82EC67C29D54C61009C46BE /* GlobalDimensionIOS.swift in Sources */ = {isa = PBXBuildFile; fileRef = F82EC67B29D54C61009C46BE /* GlobalDimensionIOS.swift */; };
		F82EC67D29D54CD5009C46BE /* GlobalDimensionIOS.swift in Sources */ = {isa = PBXBuildFile; fileRef = F82EC67B29D54C61009C46BE /* GlobalDimensionIOS.swift */; };
		F82EC67F29D54D03009C46BE /* GlobalDimension.swift in Sources */ = {isa = PBXBuildFile; fileRef = F82EC67E29D54D03009C46BE /* GlobalDimension.swift */; };
		F82EC68029D54EC1009C46BE /* SplitView.swift in Sources */ = {isa = PBXBuildFile; fileRef = F8BF73AF29C7E7BD00BA826E /* SplitView.swift */; };
		F82EC68129D54EDC009C46BE /* ToolbarView.swift in Sources */ = {isa = PBXBuildFile; fileRef = F8BF73B329C7EA2200BA826E /* ToolbarView.swift */; };
		F82EC68229D54EEE009C46BE /* GlobalDimension.swift in Sources */ = {isa = PBXBuildFile; fileRef = F82EC67E29D54D03009C46BE /* GlobalDimension.swift */; };
		F82EC68329D54F24009C46BE /* ContentView.swift in Sources */ = {isa = PBXBuildFile; fileRef = F8BF73D329C7FD1C00BA826E /* ContentView.swift */; };
		F82EC68429D54F24009C46BE /* ContentViewVM.swift in Sources */ = {isa = PBXBuildFile; fileRef = F84D088129C80CE600410C10 /* ContentViewVM.swift */; };
		F82EC68629D5580F009C46BE /* HorizontalFlexView.swift in Sources */ = {isa = PBXBuildFile; fileRef = F82EC68529D5580F009C46BE /* HorizontalFlexView.swift */; };
		F82EC68729D55846009C46BE /* HorizontalFlexView.swift in Sources */ = {isa = PBXBuildFile; fileRef = F82EC68529D5580F009C46BE /* HorizontalFlexView.swift */; };
		F82EC6A229D56714009C46BE /* MobileUtils.swift in Sources */ = {isa = PBXBuildFile; fileRef = F899DFF3279E770F00305AFA /* MobileUtils.swift */; };
		F832C8EB29CA5FDD00ECA57B /* TreeViewLine.swift in Sources */ = {isa = PBXBuildFile; fileRef = F832C8EA29CA5FDD00ECA57B /* TreeViewLine.swift */; };
		F832C8ED29CA5FE600ECA57B /* TreeViewSubline.swift in Sources */ = {isa = PBXBuildFile; fileRef = F832C8EC29CA5FE600ECA57B /* TreeViewSubline.swift */; };
		F832C8EF29CA61EF00ECA57B /* TreeViewItem.swift in Sources */ = {isa = PBXBuildFile; fileRef = F832C8EE29CA61EF00ECA57B /* TreeViewItem.swift */; };
		F832C8F129CAA34E00ECA57B /* GearIconVIew.swift in Sources */ = {isa = PBXBuildFile; fileRef = F832C8F029CAA34E00ECA57B /* GearIconVIew.swift */; };
		F832C8F329CAA43400ECA57B /* SettingsView.swift in Sources */ = {isa = PBXBuildFile; fileRef = F832C8F229CAA43400ECA57B /* SettingsView.swift */; };
		F8403DD529D3B1440027A196 /* LabelLinkRepo.swift in Sources */ = {isa = PBXBuildFile; fileRef = F8403DD429D3B1440027A196 /* LabelLinkRepo.swift */; };
		F8403DD829D521610027A196 /* DocumentContainer.swift in Sources */ = {isa = PBXBuildFile; fileRef = F8403DD729D521610027A196 /* DocumentContainer.swift */; };
		F8403DDA29D521830027A196 /* DocumentContainerVM.swift in Sources */ = {isa = PBXBuildFile; fileRef = F8403DD929D521830027A196 /* DocumentContainerVM.swift */; };
		F8403DE629D54A5A0027A196 /* AppIOS.swift in Sources */ = {isa = PBXBuildFile; fileRef = F8403DE529D54A5A0027A196 /* AppIOS.swift */; };
		F8494DF329E8E1DC004DBA87 /* DataService.swift in Sources */ = {isa = PBXBuildFile; fileRef = F8494DF229E8E1DC004DBA87 /* DataService.swift */; };
		F8494DF429E8E1DC004DBA87 /* DataService.swift in Sources */ = {isa = PBXBuildFile; fileRef = F8494DF229E8E1DC004DBA87 /* DataService.swift */; };
		F84D087729C808B100410C10 /* DocumentView.swift in Sources */ = {isa = PBXBuildFile; fileRef = F84D087629C808B100410C10 /* DocumentView.swift */; };
		F84D087929C809ED00410C10 /* BlockView.swift in Sources */ = {isa = PBXBuildFile; fileRef = F86978C829A88398002D9570 /* BlockView.swift */; };
		F84D087A29C809FE00410C10 /* BodyView.swift in Sources */ = {isa = PBXBuildFile; fileRef = F8E8AF5D29BEC3AB0019E6CF /* BodyView.swift */; };
		F84D087B29C809FE00410C10 /* BulletView.swift in Sources */ = {isa = PBXBuildFile; fileRef = F8E8AF6C29BECE560019E6CF /* BulletView.swift */; };
		F84D087C29C809FE00410C10 /* PromptField.swift in Sources */ = {isa = PBXBuildFile; fileRef = F880664329AB2EB3002A457D /* PromptField.swift */; };
		F84D087D29C809FE00410C10 /* EmptyBlockView.swift in Sources */ = {isa = PBXBuildFile; fileRef = F8EA066F29BD35960023F833 /* EmptyBlockView.swift */; };
		F84D087E29C809FE00410C10 /* BlockType.swift in Sources */ = {isa = PBXBuildFile; fileRef = F8E8AF6629BEC5760019E6CF /* BlockType.swift */; };
		F84D087F29C809FE00410C10 /* BlockSpacer.swift in Sources */ = {isa = PBXBuildFile; fileRef = F8E8AF6F29BED2B90019E6CF /* BlockSpacer.swift */; };
		F84D088029C809FE00410C10 /* HeadingView.swift in Sources */ = {isa = PBXBuildFile; fileRef = F8E8AF6329BEC3D90019E6CF /* HeadingView.swift */; };
		F84D088229C80CE600410C10 /* ContentViewVM.swift in Sources */ = {isa = PBXBuildFile; fileRef = F84D088129C80CE600410C10 /* ContentViewVM.swift */; };
		F84D088429C817E900410C10 /* GlobalDimensionMacOS.swift in Sources */ = {isa = PBXBuildFile; fileRef = F84D088329C817E900410C10 /* GlobalDimensionMacOS.swift */; };
		F84D088629C81AAA00410C10 /* TreeView.swift in Sources */ = {isa = PBXBuildFile; fileRef = F84D088529C81AAA00410C10 /* TreeView.swift */; };
		F84D088929C81B4000410C10 /* TreeViewLabel.swift in Sources */ = {isa = PBXBuildFile; fileRef = F81CC92A279D078D00A1F693 /* TreeViewLabel.swift */; };
		F84D857D29CBEA35006538EA /* LabelContextMenu.swift in Sources */ = {isa = PBXBuildFile; fileRef = F84D857C29CBEA35006538EA /* LabelContextMenu.swift */; };
		F863496329E03ED800C49D0B /* DBQueue.swift in Sources */ = {isa = PBXBuildFile; fileRef = F863496229E03ED800C49D0B /* DBQueue.swift */; };
		F863496429E03ED800C49D0B /* DBQueue.swift in Sources */ = {isa = PBXBuildFile; fileRef = F863496229E03ED800C49D0B /* DBQueue.swift */; };
		F86D892129DBCABC008C707C /* LabelService.swift in Sources */ = {isa = PBXBuildFile; fileRef = F86D892029DBCABC008C707C /* LabelService.swift */; };
		F86D892229DBCABC008C707C /* LabelService.swift in Sources */ = {isa = PBXBuildFile; fileRef = F86D892029DBCABC008C707C /* LabelService.swift */; };
		F87A06D829DE923E002CC7EF /* SyncMessage.swift in Sources */ = {isa = PBXBuildFile; fileRef = F87A06D729DE923E002CC7EF /* SyncMessage.swift */; };
		F87A06D929DE923E002CC7EF /* SyncMessage.swift in Sources */ = {isa = PBXBuildFile; fileRef = F87A06D729DE923E002CC7EF /* SyncMessage.swift */; };
		F87A06DB29DEAFDE002CC7EF /* SyncMessageEntity.swift in Sources */ = {isa = PBXBuildFile; fileRef = F87A06DA29DEAFDE002CC7EF /* SyncMessageEntity.swift */; };
		F87A06DC29DEAFDE002CC7EF /* SyncMessageEntity.swift in Sources */ = {isa = PBXBuildFile; fileRef = F87A06DA29DEAFDE002CC7EF /* SyncMessageEntity.swift */; };
		F87A06DE29DEB11F002CC7EF /* SyncMessageRepo.swift in Sources */ = {isa = PBXBuildFile; fileRef = F87A06DD29DEB11F002CC7EF /* SyncMessageRepo.swift */; };
		F87A06DF29DEB11F002CC7EF /* SyncMessageRepo.swift in Sources */ = {isa = PBXBuildFile; fileRef = F87A06DD29DEB11F002CC7EF /* SyncMessageRepo.swift */; };
		F88550AC29D9B51200EE458C /* SignInView.swift in Sources */ = {isa = PBXBuildFile; fileRef = F88550AB29D9B51200EE458C /* SignInView.swift */; };
		F88550AD29D9B51200EE458C /* SignInView.swift in Sources */ = {isa = PBXBuildFile; fileRef = F88550AB29D9B51200EE458C /* SignInView.swift */; };
		F88550B229D9B82B00EE458C /* AppGlobalUIState.swift in Sources */ = {isa = PBXBuildFile; fileRef = F88550B129D9B82B00EE458C /* AppGlobalUIState.swift */; };
		F88550B329D9B82B00EE458C /* AppGlobalUIState.swift in Sources */ = {isa = PBXBuildFile; fileRef = F88550B129D9B82B00EE458C /* AppGlobalUIState.swift */; };
		F88550B429D9BA8300EE458C /* Assets.xcassets in Sources */ = {isa = PBXBuildFile; fileRef = F8EA4073279CFF54001F74B5 /* Assets.xcassets */; };
		F88D5EEE29D9CE5B0088338F /* LoadingSpinnerView.swift in Sources */ = {isa = PBXBuildFile; fileRef = F88D5EED29D9CE5B0088338F /* LoadingSpinnerView.swift */; };
		F88D5EEF29D9CE5B0088338F /* LoadingSpinnerView.swift in Sources */ = {isa = PBXBuildFile; fileRef = F88D5EED29D9CE5B0088338F /* LoadingSpinnerView.swift */; };
		F88D5EF129D9D4060088338F /* AuthService.swift in Sources */ = {isa = PBXBuildFile; fileRef = F88D5EF029D9D4060088338F /* AuthService.swift */; };
		F88D5EF229D9D4060088338F /* AuthService.swift in Sources */ = {isa = PBXBuildFile; fileRef = F88D5EF029D9D4060088338F /* AuthService.swift */; };
		F896E90429DA3BC500296073 /* AddLabelView.swift in Sources */ = {isa = PBXBuildFile; fileRef = F896E90329DA3BC500296073 /* AddLabelView.swift */; };
		F896E90529DA3BC500296073 /* AddLabelView.swift in Sources */ = {isa = PBXBuildFile; fileRef = F896E90329DA3BC500296073 /* AddLabelView.swift */; };
		F8A6B6DC29D0E39A00140A53 /* Block.swift in Sources */ = {isa = PBXBuildFile; fileRef = F8A6B6DB29D0E39A00140A53 /* Block.swift */; };
		F8A6B6DF29D0E3D800140A53 /* Document.swift in Sources */ = {isa = PBXBuildFile; fileRef = F8A6B6DE29D0E3D800140A53 /* Document.swift */; };
		F8A6B6E129D0E40200140A53 /* Workspace.swift in Sources */ = {isa = PBXBuildFile; fileRef = F8A6B6E029D0E40200140A53 /* Workspace.swift */; };
		F8A6B6E529D0E94E00140A53 /* LabelEntity.swift in Sources */ = {isa = PBXBuildFile; fileRef = F8A6B6E429D0E94E00140A53 /* LabelEntity.swift */; };
		F8A6B6E729D0EAA900140A53 /* DataSeeder.swift in Sources */ = {isa = PBXBuildFile; fileRef = F8A6B6E629D0EAA900140A53 /* DataSeeder.swift */; };
		F8A6B6E929D0EAFD00140A53 /* Label.swift in Sources */ = {isa = PBXBuildFile; fileRef = F8A6B6E829D0EAFD00140A53 /* Label.swift */; };
		F8A6B6EE29D0F0D300140A53 /* WorkspaceRepo.swift in Sources */ = {isa = PBXBuildFile; fileRef = F8A6B6ED29D0F0D300140A53 /* WorkspaceRepo.swift */; };
		F8A6B6F029D0FB8B00140A53 /* User.swift in Sources */ = {isa = PBXBuildFile; fileRef = F8A6B6EF29D0FB8B00140A53 /* User.swift */; };
		F8A6B6F229D1008200140A53 /* UserRepo.swift in Sources */ = {isa = PBXBuildFile; fileRef = F8A6B6F129D1008200140A53 /* UserRepo.swift */; };
		F8A6B6F429D1028000140A53 /* UserEntity.swift in Sources */ = {isa = PBXBuildFile; fileRef = F8A6B6F329D1028000140A53 /* UserEntity.swift */; };
		F8A6B6F629D10C6400140A53 /* UserBuilder.swift in Sources */ = {isa = PBXBuildFile; fileRef = F8A6B6F529D10C6400140A53 /* UserBuilder.swift */; };
		F8A6B6F829D1140400140A53 /* DocumentRepo.swift in Sources */ = {isa = PBXBuildFile; fileRef = F8A6B6F729D1140400140A53 /* DocumentRepo.swift */; };
		F8A6B6FA29D11D5B00140A53 /* LabelRepo.swift in Sources */ = {isa = PBXBuildFile; fileRef = F8A6B6F929D11D5B00140A53 /* LabelRepo.swift */; };
		F8A6B6FC29D1279300140A53 /* LabelLinkEntity.swift in Sources */ = {isa = PBXBuildFile; fileRef = F8A6B6FB29D1279300140A53 /* LabelLinkEntity.swift */; };
		F8A6B6FE29D2043300140A53 /* LabelPalette.swift in Sources */ = {isa = PBXBuildFile; fileRef = F8A6B6FD29D2043300140A53 /* LabelPalette.swift */; };
		F8A6B70229D2740600140A53 /* LabelLink.swift in Sources */ = {isa = PBXBuildFile; fileRef = F8A6B70129D2740600140A53 /* LabelLink.swift */; };
		F8AAD1F529DD358200863A7D /* SyncService.swift in Sources */ = {isa = PBXBuildFile; fileRef = F8AAD1F429DD358200863A7D /* SyncService.swift */; };
		F8AAD1F629DD358200863A7D /* SyncService.swift in Sources */ = {isa = PBXBuildFile; fileRef = F8AAD1F429DD358200863A7D /* SyncService.swift */; };
		F8BF73AB29C7E52200BA826E /* AppMacOS.swift in Sources */ = {isa = PBXBuildFile; fileRef = F8BF73AA29C7E52200BA826E /* AppMacOS.swift */; };
		F8BF73B029C7E7BD00BA826E /* SplitView.swift in Sources */ = {isa = PBXBuildFile; fileRef = F8BF73AF29C7E7BD00BA826E /* SplitView.swift */; };
		F8BF73B129C7E91900BA826E /* Spacing.swift in Sources */ = {isa = PBXBuildFile; fileRef = F8E19E5629A8669000BD0BB9 /* Spacing.swift */; };
		F8BF73B429C7EA2200BA826E /* ToolbarView.swift in Sources */ = {isa = PBXBuildFile; fileRef = F8BF73B329C7EA2200BA826E /* ToolbarView.swift */; };
		F8BF73B629C7EA5300BA826E /* ColorPalette.swift in Sources */ = {isa = PBXBuildFile; fileRef = F8E19E5929A8695B00BD0BB9 /* ColorPalette.swift */; };
		F8BF73B829C7EB2700BA826E /* MenuCardView.swift in Sources */ = {isa = PBXBuildFile; fileRef = F8BF73B729C7EB2700BA826E /* MenuCardView.swift */; };
		F8BF73BC29C7F38300BA826E /* WorkspaceMenu.swift in Sources */ = {isa = PBXBuildFile; fileRef = F8158FCE29C7D348004E56C1 /* WorkspaceMenu.swift */; };
		F8BF73BE29C7F52500BA826E /* ArrowView.swift in Sources */ = {isa = PBXBuildFile; fileRef = F8AD578027C1D94400E07D82 /* ArrowView.swift */; };
		F8BF73BF29C7F52500BA826E /* TreeBulletView.swift in Sources */ = {isa = PBXBuildFile; fileRef = F81CC930279D0CF700A1F693 /* TreeBulletView.swift */; };
		F8BF73C329C7F52500BA826E /* TreeTagView.swift in Sources */ = {isa = PBXBuildFile; fileRef = F81CC933279D0ECA00A1F693 /* TreeTagView.swift */; };
		F8BF73C529C7F52500BA826E /* CheckmarkView.swift in Sources */ = {isa = PBXBuildFile; fileRef = F8D9289327A24688009CC9B9 /* CheckmarkView.swift */; };
		F8BF73C629C7F54900BA826E /* DataController.swift in Sources */ = {isa = PBXBuildFile; fileRef = F8D92887279FD05B009CC9B9 /* DataController.swift */; };
		F8BF73CA29C7F54900BA826E /* DocumentEntity.swift in Sources */ = {isa = PBXBuildFile; fileRef = F8F32C8227B9CDF6003B0DF9 /* DocumentEntity.swift */; };
		F8BF73CB29C7F54900BA826E /* BlockEntity.swift in Sources */ = {isa = PBXBuildFile; fileRef = F8EA066929BD1CFD0023F833 /* BlockEntity.swift */; };
		F8BF73CC29C7F54900BA826E /* WorkspaceEntity.swift in Sources */ = {isa = PBXBuildFile; fileRef = F8F32C8527B9CDFB003B0DF9 /* WorkspaceEntity.swift */; };
		F8BF73CF29C7F57400BA826E /* TreeDocumentIdentifier.swift in Sources */ = {isa = PBXBuildFile; fileRef = F875124827B4A11500E86D57 /* TreeDocumentIdentifier.swift */; };
		F8BF73D229C7F8C100BA826E /* LoadingView.swift in Sources */ = {isa = PBXBuildFile; fileRef = F8E5A70F27B1EC8D001A5C43 /* LoadingView.swift */; };
		F8BF73D429C7FD1C00BA826E /* ContentView.swift in Sources */ = {isa = PBXBuildFile; fileRef = F8BF73D329C7FD1C00BA826E /* ContentView.swift */; };
		F8BF73D729C7FDFD00BA826E /* SidebarView.swift in Sources */ = {isa = PBXBuildFile; fileRef = F8BF73D629C7FDFD00BA826E /* SidebarView.swift */; };
		F8D92886279FCEB9009CC9B9 /* Graphnote.xcdatamodeld in Sources */ = {isa = PBXBuildFile; fileRef = F8D92883279FCEB9009CC9B9 /* Graphnote.xcdatamodeld */; };
		F8EA1EC329E1D6ED00931810 /* TreeDocView.swift in Sources */ = {isa = PBXBuildFile; fileRef = F8EA1EC229E1D6ED00931810 /* TreeDocView.swift */; };
		F8EA1EC429E1D6ED00931810 /* TreeDocView.swift in Sources */ = {isa = PBXBuildFile; fileRef = F8EA1EC229E1D6ED00931810 /* TreeDocView.swift */; };
		F8EA1EC629E1DE9200931810 /* SyncStatusIconView.swift in Sources */ = {isa = PBXBuildFile; fileRef = F8EA1EC529E1DE9200931810 /* SyncStatusIconView.swift */; };
		F8EA1EC729E1DE9200931810 /* SyncStatusIconView.swift in Sources */ = {isa = PBXBuildFile; fileRef = F8EA1EC529E1DE9200931810 /* SyncStatusIconView.swift */; };
		F8EA1ECF29E219F500931810 /* SyncMessageIDEntity.swift in Sources */ = {isa = PBXBuildFile; fileRef = F8EA1ECE29E219F500931810 /* SyncMessageIDEntity.swift */; };
		F8EA1ED029E219F500931810 /* SyncMessageIDEntity.swift in Sources */ = {isa = PBXBuildFile; fileRef = F8EA1ECE29E219F500931810 /* SyncMessageIDEntity.swift */; };
		F8EA409E279CFF55001F74B5 /* Assets.xcassets in Resources */ = {isa = PBXBuildFile; fileRef = F8EA4073279CFF54001F74B5 /* Assets.xcassets */; };
/* End PBXBuildFile section */

/* Begin PBXFileReference section */
		F807C8BD29C9132600B7B239 /* LabelView.swift */ = {isa = PBXFileReference; lastKnownFileType = sourcecode.swift; path = LabelView.swift; sourceTree = "<group>"; };
		F807C8C029C9144500B7B239 /* LabelField.swift */ = {isa = PBXFileReference; lastKnownFileType = sourcecode.swift; path = LabelField.swift; sourceTree = "<group>"; };
		F807C8C229C9161B00B7B239 /* EditIconView.swift */ = {isa = PBXFileReference; lastKnownFileType = sourcecode.swift; path = EditIconView.swift; sourceTree = "<group>"; };
		F807C8C429C9170500B7B239 /* CheckmarkIconView.swift */ = {isa = PBXFileReference; lastKnownFileType = sourcecode.swift; path = CheckmarkIconView.swift; sourceTree = "<group>"; };
		F807C8C629C9172200B7B239 /* XMarkIconView.swift */ = {isa = PBXFileReference; lastKnownFileType = sourcecode.swift; path = XMarkIconView.swift; sourceTree = "<group>"; };
		F807C8C829C919A100B7B239 /* LabelColor.swift */ = {isa = PBXFileReference; lastKnownFileType = sourcecode.swift; path = LabelColor.swift; sourceTree = "<group>"; };
		F8158FCE29C7D348004E56C1 /* WorkspaceMenu.swift */ = {isa = PBXFileReference; lastKnownFileType = sourcecode.swift; path = WorkspaceMenu.swift; sourceTree = "<group>"; };
		F81CC92A279D078D00A1F693 /* TreeViewLabel.swift */ = {isa = PBXFileReference; lastKnownFileType = sourcecode.swift; path = TreeViewLabel.swift; sourceTree = "<group>"; };
		F81CC930279D0CF700A1F693 /* TreeBulletView.swift */ = {isa = PBXFileReference; lastKnownFileType = sourcecode.swift; path = TreeBulletView.swift; sourceTree = "<group>"; };
		F81CC933279D0ECA00A1F693 /* TreeTagView.swift */ = {isa = PBXFileReference; lastKnownFileType = sourcecode.swift; path = TreeTagView.swift; sourceTree = "<group>"; };
		F82EC67829D54BB6009C46BE /* GNColor.swift */ = {isa = PBXFileReference; lastKnownFileType = sourcecode.swift; path = GNColor.swift; sourceTree = "<group>"; };
		F82EC67B29D54C61009C46BE /* GlobalDimensionIOS.swift */ = {isa = PBXFileReference; lastKnownFileType = sourcecode.swift; path = GlobalDimensionIOS.swift; sourceTree = "<group>"; };
		F82EC67E29D54D03009C46BE /* GlobalDimension.swift */ = {isa = PBXFileReference; lastKnownFileType = sourcecode.swift; path = GlobalDimension.swift; sourceTree = "<group>"; };
		F82EC68529D5580F009C46BE /* HorizontalFlexView.swift */ = {isa = PBXFileReference; lastKnownFileType = sourcecode.swift; path = HorizontalFlexView.swift; sourceTree = "<group>"; };
		F832C8EA29CA5FDD00ECA57B /* TreeViewLine.swift */ = {isa = PBXFileReference; lastKnownFileType = sourcecode.swift; path = TreeViewLine.swift; sourceTree = "<group>"; };
		F832C8EC29CA5FE600ECA57B /* TreeViewSubline.swift */ = {isa = PBXFileReference; lastKnownFileType = sourcecode.swift; path = TreeViewSubline.swift; sourceTree = "<group>"; };
		F832C8EE29CA61EF00ECA57B /* TreeViewItem.swift */ = {isa = PBXFileReference; lastKnownFileType = sourcecode.swift; path = TreeViewItem.swift; sourceTree = "<group>"; };
		F832C8F029CAA34E00ECA57B /* GearIconVIew.swift */ = {isa = PBXFileReference; lastKnownFileType = sourcecode.swift; path = GearIconVIew.swift; sourceTree = "<group>"; };
		F832C8F229CAA43400ECA57B /* SettingsView.swift */ = {isa = PBXFileReference; lastKnownFileType = sourcecode.swift; path = SettingsView.swift; sourceTree = "<group>"; };
		F8403DD429D3B1440027A196 /* LabelLinkRepo.swift */ = {isa = PBXFileReference; lastKnownFileType = sourcecode.swift; path = LabelLinkRepo.swift; sourceTree = "<group>"; };
		F8403DD729D521610027A196 /* DocumentContainer.swift */ = {isa = PBXFileReference; lastKnownFileType = sourcecode.swift; path = DocumentContainer.swift; sourceTree = "<group>"; };
		F8403DD929D521830027A196 /* DocumentContainerVM.swift */ = {isa = PBXFileReference; lastKnownFileType = sourcecode.swift; path = DocumentContainerVM.swift; sourceTree = "<group>"; };
		F8403DE329D54A5A0027A196 /* Graphnote (iOS).app */ = {isa = PBXFileReference; explicitFileType = wrapper.application; includeInIndex = 0; path = "Graphnote (iOS).app"; sourceTree = BUILT_PRODUCTS_DIR; };
		F8403DE529D54A5A0027A196 /* AppIOS.swift */ = {isa = PBXFileReference; lastKnownFileType = sourcecode.swift; path = AppIOS.swift; sourceTree = "<group>"; };
		F8494DF229E8E1DC004DBA87 /* DataService.swift */ = {isa = PBXFileReference; lastKnownFileType = sourcecode.swift; path = DataService.swift; sourceTree = "<group>"; };
		F84D087629C808B100410C10 /* DocumentView.swift */ = {isa = PBXFileReference; lastKnownFileType = sourcecode.swift; path = DocumentView.swift; sourceTree = "<group>"; };
		F84D088129C80CE600410C10 /* ContentViewVM.swift */ = {isa = PBXFileReference; lastKnownFileType = sourcecode.swift; path = ContentViewVM.swift; sourceTree = "<group>"; };
		F84D088329C817E900410C10 /* GlobalDimensionMacOS.swift */ = {isa = PBXFileReference; lastKnownFileType = sourcecode.swift; path = GlobalDimensionMacOS.swift; sourceTree = "<group>"; };
		F84D088529C81AAA00410C10 /* TreeView.swift */ = {isa = PBXFileReference; lastKnownFileType = sourcecode.swift; path = TreeView.swift; sourceTree = "<group>"; };
		F84D857C29CBEA35006538EA /* LabelContextMenu.swift */ = {isa = PBXFileReference; lastKnownFileType = sourcecode.swift; path = LabelContextMenu.swift; sourceTree = "<group>"; };
		F863496229E03ED800C49D0B /* DBQueue.swift */ = {isa = PBXFileReference; lastKnownFileType = sourcecode.swift; path = DBQueue.swift; sourceTree = "<group>"; };
		F86978C829A88398002D9570 /* BlockView.swift */ = {isa = PBXFileReference; lastKnownFileType = sourcecode.swift; path = BlockView.swift; sourceTree = "<group>"; };
		F86D892029DBCABC008C707C /* LabelService.swift */ = {isa = PBXFileReference; lastKnownFileType = sourcecode.swift; path = LabelService.swift; sourceTree = "<group>"; };
		F875124827B4A11500E86D57 /* TreeDocumentIdentifier.swift */ = {isa = PBXFileReference; lastKnownFileType = sourcecode.swift; path = TreeDocumentIdentifier.swift; sourceTree = "<group>"; };
		F87A06D729DE923E002CC7EF /* SyncMessage.swift */ = {isa = PBXFileReference; lastKnownFileType = sourcecode.swift; path = SyncMessage.swift; sourceTree = "<group>"; };
		F87A06DA29DEAFDE002CC7EF /* SyncMessageEntity.swift */ = {isa = PBXFileReference; lastKnownFileType = sourcecode.swift; path = SyncMessageEntity.swift; sourceTree = "<group>"; };
		F87A06DD29DEB11F002CC7EF /* SyncMessageRepo.swift */ = {isa = PBXFileReference; lastKnownFileType = sourcecode.swift; path = SyncMessageRepo.swift; sourceTree = "<group>"; };
		F880664329AB2EB3002A457D /* PromptField.swift */ = {isa = PBXFileReference; lastKnownFileType = sourcecode.swift; path = PromptField.swift; sourceTree = "<group>"; };
		F88550AB29D9B51200EE458C /* SignInView.swift */ = {isa = PBXFileReference; lastKnownFileType = sourcecode.swift; path = SignInView.swift; sourceTree = "<group>"; };
		F88550B129D9B82B00EE458C /* AppGlobalUIState.swift */ = {isa = PBXFileReference; lastKnownFileType = sourcecode.swift; path = AppGlobalUIState.swift; sourceTree = "<group>"; };
		F88550B629D9BC3A00EE458C /* AppKit.framework */ = {isa = PBXFileReference; lastKnownFileType = wrapper.framework; name = AppKit.framework; path = System/Library/Frameworks/AppKit.framework; sourceTree = SDKROOT; };
		F88550B829D9BC4500EE458C /* SwiftUI.framework */ = {isa = PBXFileReference; lastKnownFileType = wrapper.framework; name = SwiftUI.framework; path = System/Library/Frameworks/SwiftUI.framework; sourceTree = SDKROOT; };
		F88D5EED29D9CE5B0088338F /* LoadingSpinnerView.swift */ = {isa = PBXFileReference; lastKnownFileType = sourcecode.swift; path = LoadingSpinnerView.swift; sourceTree = "<group>"; };
		F88D5EF029D9D4060088338F /* AuthService.swift */ = {isa = PBXFileReference; lastKnownFileType = sourcecode.swift; path = AuthService.swift; sourceTree = "<group>"; };
		F88D5EF729D9F2700088338F /* Graphnote--macOS--Info.plist */ = {isa = PBXFileReference; lastKnownFileType = text.plist.xml; path = "Graphnote--macOS--Info.plist"; sourceTree = "<group>"; };
		F88D5EF829D9F2BA0088338F /* Graphnote--iOS--Info.plist */ = {isa = PBXFileReference; lastKnownFileType = text.plist.xml; path = "Graphnote--iOS--Info.plist"; sourceTree = "<group>"; };
		F88D5EF929D9FEBC0088338F /* AuthenticationServices.framework */ = {isa = PBXFileReference; lastKnownFileType = wrapper.framework; name = AuthenticationServices.framework; path = Platforms/iPhoneOS.platform/Developer/SDKs/iPhoneOS16.2.sdk/System/Library/Frameworks/AuthenticationServices.framework; sourceTree = DEVELOPER_DIR; };
		F896E8FF29D9FFBE00296073 /* iOS.entitlements */ = {isa = PBXFileReference; lastKnownFileType = text.plist.entitlements; path = iOS.entitlements; sourceTree = "<group>"; };
		F896E90329DA3BC500296073 /* AddLabelView.swift */ = {isa = PBXFileReference; lastKnownFileType = sourcecode.swift; path = AddLabelView.swift; sourceTree = "<group>"; };
		F899DFF3279E770F00305AFA /* MobileUtils.swift */ = {isa = PBXFileReference; lastKnownFileType = sourcecode.swift; path = MobileUtils.swift; sourceTree = "<group>"; };
		F8A6B6DB29D0E39A00140A53 /* Block.swift */ = {isa = PBXFileReference; lastKnownFileType = sourcecode.swift; path = Block.swift; sourceTree = "<group>"; };
		F8A6B6DE29D0E3D800140A53 /* Document.swift */ = {isa = PBXFileReference; lastKnownFileType = sourcecode.swift; path = Document.swift; sourceTree = "<group>"; };
		F8A6B6E029D0E40200140A53 /* Workspace.swift */ = {isa = PBXFileReference; lastKnownFileType = sourcecode.swift; path = Workspace.swift; sourceTree = "<group>"; };
		F8A6B6E429D0E94E00140A53 /* LabelEntity.swift */ = {isa = PBXFileReference; lastKnownFileType = sourcecode.swift; path = LabelEntity.swift; sourceTree = "<group>"; };
		F8A6B6E629D0EAA900140A53 /* DataSeeder.swift */ = {isa = PBXFileReference; lastKnownFileType = sourcecode.swift; path = DataSeeder.swift; sourceTree = "<group>"; };
		F8A6B6E829D0EAFD00140A53 /* Label.swift */ = {isa = PBXFileReference; lastKnownFileType = sourcecode.swift; path = Label.swift; sourceTree = "<group>"; };
		F8A6B6ED29D0F0D300140A53 /* WorkspaceRepo.swift */ = {isa = PBXFileReference; lastKnownFileType = sourcecode.swift; path = WorkspaceRepo.swift; sourceTree = "<group>"; };
		F8A6B6EF29D0FB8B00140A53 /* User.swift */ = {isa = PBXFileReference; lastKnownFileType = sourcecode.swift; path = User.swift; sourceTree = "<group>"; };
		F8A6B6F129D1008200140A53 /* UserRepo.swift */ = {isa = PBXFileReference; lastKnownFileType = sourcecode.swift; path = UserRepo.swift; sourceTree = "<group>"; };
		F8A6B6F329D1028000140A53 /* UserEntity.swift */ = {isa = PBXFileReference; lastKnownFileType = sourcecode.swift; path = UserEntity.swift; sourceTree = "<group>"; };
		F8A6B6F529D10C6400140A53 /* UserBuilder.swift */ = {isa = PBXFileReference; lastKnownFileType = sourcecode.swift; path = UserBuilder.swift; sourceTree = "<group>"; };
		F8A6B6F729D1140400140A53 /* DocumentRepo.swift */ = {isa = PBXFileReference; lastKnownFileType = sourcecode.swift; path = DocumentRepo.swift; sourceTree = "<group>"; };
		F8A6B6F929D11D5B00140A53 /* LabelRepo.swift */ = {isa = PBXFileReference; lastKnownFileType = sourcecode.swift; path = LabelRepo.swift; sourceTree = "<group>"; };
		F8A6B6FB29D1279300140A53 /* LabelLinkEntity.swift */ = {isa = PBXFileReference; lastKnownFileType = sourcecode.swift; path = LabelLinkEntity.swift; sourceTree = "<group>"; };
		F8A6B6FD29D2043300140A53 /* LabelPalette.swift */ = {isa = PBXFileReference; lastKnownFileType = sourcecode.swift; path = LabelPalette.swift; sourceTree = "<group>"; };
		F8A6B70129D2740600140A53 /* LabelLink.swift */ = {isa = PBXFileReference; lastKnownFileType = sourcecode.swift; path = LabelLink.swift; sourceTree = "<group>"; };
		F8AAD1F429DD358200863A7D /* SyncService.swift */ = {isa = PBXFileReference; lastKnownFileType = sourcecode.swift; path = SyncService.swift; sourceTree = "<group>"; };
		F8AD578027C1D94400E07D82 /* ArrowView.swift */ = {isa = PBXFileReference; lastKnownFileType = sourcecode.swift; path = ArrowView.swift; sourceTree = "<group>"; };
		F8BF73AA29C7E52200BA826E /* AppMacOS.swift */ = {isa = PBXFileReference; lastKnownFileType = sourcecode.swift; path = AppMacOS.swift; sourceTree = "<group>"; };
		F8BF73AF29C7E7BD00BA826E /* SplitView.swift */ = {isa = PBXFileReference; lastKnownFileType = sourcecode.swift; path = SplitView.swift; sourceTree = "<group>"; };
		F8BF73B329C7EA2200BA826E /* ToolbarView.swift */ = {isa = PBXFileReference; lastKnownFileType = sourcecode.swift; path = ToolbarView.swift; sourceTree = "<group>"; };
		F8BF73B729C7EB2700BA826E /* MenuCardView.swift */ = {isa = PBXFileReference; lastKnownFileType = sourcecode.swift; path = MenuCardView.swift; sourceTree = "<group>"; };
		F8BF73D329C7FD1C00BA826E /* ContentView.swift */ = {isa = PBXFileReference; lastKnownFileType = sourcecode.swift; path = ContentView.swift; sourceTree = "<group>"; };
		F8BF73D629C7FDFD00BA826E /* SidebarView.swift */ = {isa = PBXFileReference; lastKnownFileType = sourcecode.swift; path = SidebarView.swift; sourceTree = "<group>"; };
		F8D92884279FCEB9009CC9B9 /* Graphnote.xcdatamodel */ = {isa = PBXFileReference; lastKnownFileType = wrapper.xcdatamodel; path = Graphnote.xcdatamodel; sourceTree = "<group>"; };
		F8D92887279FD05B009CC9B9 /* DataController.swift */ = {isa = PBXFileReference; lastKnownFileType = sourcecode.swift; path = DataController.swift; sourceTree = "<group>"; };
		F8D9288A27A23686009CC9B9 /* TreeViewAddView.swift */ = {isa = PBXFileReference; lastKnownFileType = sourcecode.swift; path = TreeViewAddView.swift; sourceTree = "<group>"; };
		F8D9289327A24688009CC9B9 /* CheckmarkView.swift */ = {isa = PBXFileReference; lastKnownFileType = sourcecode.swift; path = CheckmarkView.swift; sourceTree = "<group>"; };
		F8E19E5629A8669000BD0BB9 /* Spacing.swift */ = {isa = PBXFileReference; lastKnownFileType = sourcecode.swift; path = Spacing.swift; sourceTree = "<group>"; };
		F8E19E5929A8695B00BD0BB9 /* ColorPalette.swift */ = {isa = PBXFileReference; lastKnownFileType = sourcecode.swift; path = ColorPalette.swift; sourceTree = "<group>"; };
		F8E5A70F27B1EC8D001A5C43 /* LoadingView.swift */ = {isa = PBXFileReference; lastKnownFileType = sourcecode.swift; path = LoadingView.swift; sourceTree = "<group>"; };
		F8E8AF5D29BEC3AB0019E6CF /* BodyView.swift */ = {isa = PBXFileReference; lastKnownFileType = sourcecode.swift; path = BodyView.swift; sourceTree = "<group>"; };
		F8E8AF6329BEC3D90019E6CF /* HeadingView.swift */ = {isa = PBXFileReference; lastKnownFileType = sourcecode.swift; path = HeadingView.swift; sourceTree = "<group>"; };
		F8E8AF6629BEC5760019E6CF /* BlockType.swift */ = {isa = PBXFileReference; lastKnownFileType = sourcecode.swift; path = BlockType.swift; sourceTree = "<group>"; };
		F8E8AF6C29BECE560019E6CF /* BulletView.swift */ = {isa = PBXFileReference; lastKnownFileType = sourcecode.swift; path = BulletView.swift; sourceTree = "<group>"; };
		F8E8AF6F29BED2B90019E6CF /* BlockSpacer.swift */ = {isa = PBXFileReference; lastKnownFileType = sourcecode.swift; path = BlockSpacer.swift; sourceTree = "<group>"; };
		F8EA066929BD1CFD0023F833 /* BlockEntity.swift */ = {isa = PBXFileReference; lastKnownFileType = sourcecode.swift; path = BlockEntity.swift; sourceTree = "<group>"; };
		F8EA066F29BD35960023F833 /* EmptyBlockView.swift */ = {isa = PBXFileReference; lastKnownFileType = sourcecode.swift; path = EmptyBlockView.swift; sourceTree = "<group>"; };
		F8EA1EC229E1D6ED00931810 /* TreeDocView.swift */ = {isa = PBXFileReference; lastKnownFileType = sourcecode.swift; path = TreeDocView.swift; sourceTree = "<group>"; };
		F8EA1EC529E1DE9200931810 /* SyncStatusIconView.swift */ = {isa = PBXFileReference; lastKnownFileType = sourcecode.swift; path = SyncStatusIconView.swift; sourceTree = "<group>"; };
		F8EA1ECE29E219F500931810 /* SyncMessageIDEntity.swift */ = {isa = PBXFileReference; lastKnownFileType = sourcecode.swift; path = SyncMessageIDEntity.swift; sourceTree = "<group>"; };
		F8EA4073279CFF54001F74B5 /* Assets.xcassets */ = {isa = PBXFileReference; lastKnownFileType = folder.assetcatalog; path = Assets.xcassets; sourceTree = "<group>"; };
		F8EA407E279CFF55001F74B5 /* Graphnote.app */ = {isa = PBXFileReference; explicitFileType = wrapper.application; includeInIndex = 0; path = Graphnote.app; sourceTree = BUILT_PRODUCTS_DIR; };
		F8EA4080279CFF55001F74B5 /* macOS.entitlements */ = {isa = PBXFileReference; lastKnownFileType = text.plist.entitlements; path = macOS.entitlements; sourceTree = "<group>"; };
		F8F32C8227B9CDF6003B0DF9 /* DocumentEntity.swift */ = {isa = PBXFileReference; lastKnownFileType = sourcecode.swift; path = DocumentEntity.swift; sourceTree = "<group>"; };
		F8F32C8527B9CDFB003B0DF9 /* WorkspaceEntity.swift */ = {isa = PBXFileReference; lastKnownFileType = sourcecode.swift; path = WorkspaceEntity.swift; sourceTree = "<group>"; };
/* End PBXFileReference section */

/* Begin PBXFrameworksBuildPhase section */
		F8403DE029D54A5A0027A196 /* Frameworks */ = {
			isa = PBXFrameworksBuildPhase;
			buildActionMask = 2147483647;
			files = (
			);
			runOnlyForDeploymentPostprocessing = 0;
		};
		F8EA407B279CFF55001F74B5 /* Frameworks */ = {
			isa = PBXFrameworksBuildPhase;
			buildActionMask = 2147483647;
			files = (
			);
			runOnlyForDeploymentPostprocessing = 0;
		};
/* End PBXFrameworksBuildPhase section */

/* Begin PBXGroup section */
		F807C8BC29C9131A00B7B239 /* Labels */ = {
			isa = PBXGroup;
			children = (
				F807C8BD29C9132600B7B239 /* LabelView.swift */,
				F807C8C829C919A100B7B239 /* LabelColor.swift */,
				F8A6B6FD29D2043300140A53 /* LabelPalette.swift */,
				F84D857C29CBEA35006538EA /* LabelContextMenu.swift */,
			);
			path = Labels;
			sourceTree = "<group>";
		};
		F807C8BF29C9142E00B7B239 /* LabelField */ = {
			isa = PBXGroup;
			children = (
				F807C8C029C9144500B7B239 /* LabelField.swift */,
				F807C8C229C9161B00B7B239 /* EditIconView.swift */,
				F807C8C429C9170500B7B239 /* CheckmarkIconView.swift */,
				F807C8C629C9172200B7B239 /* XMarkIconView.swift */,
			);
			path = LabelField;
			sourceTree = "<group>";
		};
		F81CC936279D108400A1F693 /* TreeView */ = {
			isa = PBXGroup;
			children = (
				F8BF73B729C7EB2700BA826E /* MenuCardView.swift */,
				F8AD578027C1D94400E07D82 /* ArrowView.swift */,
				F81CC930279D0CF700A1F693 /* TreeBulletView.swift */,
				F81CC933279D0ECA00A1F693 /* TreeTagView.swift */,
				F8EA1EC229E1D6ED00931810 /* TreeDocView.swift */,
				F8D9288A27A23686009CC9B9 /* TreeViewAddView.swift */,
				F8D9289327A24688009CC9B9 /* CheckmarkView.swift */,
				F84D088529C81AAA00410C10 /* TreeView.swift */,
				F832C8EE29CA61EF00ECA57B /* TreeViewItem.swift */,
				F81CC92A279D078D00A1F693 /* TreeViewLabel.swift */,
				F832C8EA29CA5FDD00ECA57B /* TreeViewLine.swift */,
				F832C8EC29CA5FE600ECA57B /* TreeViewSubline.swift */,
			);
			path = TreeView;
			sourceTree = "<group>";
		};
		F8403DD629D521510027A196 /* Containers */ = {
			isa = PBXGroup;
			children = (
				F8403DD729D521610027A196 /* DocumentContainer.swift */,
				F8403DD929D521830027A196 /* DocumentContainerVM.swift */,
			);
			path = Containers;
			sourceTree = "<group>";
		};
		F84D087829C808B500410C10 /* DocumentView */ = {
			isa = PBXGroup;
			children = (
				F8E8AF6F29BED2B90019E6CF /* BlockSpacer.swift */,
				F8E8AF6C29BECE560019E6CF /* BulletView.swift */,
				F8E8AF6629BEC5760019E6CF /* BlockType.swift */,
				F8EA066F29BD35960023F833 /* EmptyBlockView.swift */,
				F880664329AB2EB3002A457D /* PromptField.swift */,
				F8E8AF5D29BEC3AB0019E6CF /* BodyView.swift */,
				F8E8AF6329BEC3D90019E6CF /* HeadingView.swift */,
				F86978C829A88398002D9570 /* BlockView.swift */,
				F84D087629C808B100410C10 /* DocumentView.swift */,
			);
			path = DocumentView;
			sourceTree = "<group>";
		};
		F84D088A29C81DA100410C10 /* iOS */ = {
			isa = PBXGroup;
			children = (
				F896E8FF29D9FFBE00296073 /* iOS.entitlements */,
				F88D5EF829D9F2BA0088338F /* Graphnote--iOS--Info.plist */,
				F8403DE529D54A5A0027A196 /* AppIOS.swift */,
				F82EC67B29D54C61009C46BE /* GlobalDimensionIOS.swift */,
				F899DFF3279E770F00305AFA /* MobileUtils.swift */,
			);
			path = iOS;
			sourceTree = "<group>";
		};
		F86C9F1527B0C7A8002DD87A /* DB Model */ = {
			isa = PBXGroup;
			children = (
				F8D92883279FCEB9009CC9B9 /* Graphnote.xcdatamodeld */,
				F8EA1ECE29E219F500931810 /* SyncMessageIDEntity.swift */,
				F8D92887279FD05B009CC9B9 /* DataController.swift */,
				F8A6B6E429D0E94E00140A53 /* LabelEntity.swift */,
				F8A6B6FB29D1279300140A53 /* LabelLinkEntity.swift */,
				F8F32C8227B9CDF6003B0DF9 /* DocumentEntity.swift */,
				F8EA066929BD1CFD0023F833 /* BlockEntity.swift */,
				F8F32C8527B9CDFB003B0DF9 /* WorkspaceEntity.swift */,
				F8A6B6F329D1028000140A53 /* UserEntity.swift */,
				F87A06DA29DEAFDE002CC7EF /* SyncMessageEntity.swift */,
			);
			path = "DB Model";
			sourceTree = "<group>";
		};
		F87A06D629DE922F002CC7EF /* SyncService */ = {
			isa = PBXGroup;
			children = (
				F8AAD1F429DD358200863A7D /* SyncService.swift */,
				F87A06D729DE923E002CC7EF /* SyncMessage.swift */,
				F863496229E03ED800C49D0B /* DBQueue.swift */,
				F8494DF229E8E1DC004DBA87 /* DataService.swift */,
			);
			path = SyncService;
			sourceTree = "<group>";
		};
		F88D5EF329D9D40B0088338F /* Services */ = {
			isa = PBXGroup;
			children = (
				F88D5EF029D9D4060088338F /* AuthService.swift */,
				F86D892029DBCABC008C707C /* LabelService.swift */,
				F87A06D629DE922F002CC7EF /* SyncService */,
			);
			path = Services;
			sourceTree = "<group>";
		};
		F899DFF9279E87E500305AFA /* Frameworks */ = {
			isa = PBXGroup;
			children = (
				F88D5EF929D9FEBC0088338F /* AuthenticationServices.framework */,
				F88550B829D9BC4500EE458C /* SwiftUI.framework */,
				F88550B629D9BC3A00EE458C /* AppKit.framework */,
			);
			name = Frameworks;
			sourceTree = "<group>";
		};
		F8A6B6DD29D0E39F00140A53 /* Model */ = {
			isa = PBXGroup;
			children = (
				F8A6B6E029D0E40200140A53 /* Workspace.swift */,
				F8A6B6DE29D0E3D800140A53 /* Document.swift */,
				F8A6B6DB29D0E39A00140A53 /* Block.swift */,
				F8A6B6E829D0EAFD00140A53 /* Label.swift */,
				F8A6B70129D2740600140A53 /* LabelLink.swift */,
				F8A6B6EF29D0FB8B00140A53 /* User.swift */,
			);
			path = Model;
			sourceTree = "<group>";
		};
		F8A6B6EC29D0F0A000140A53 /* Repositories */ = {
			isa = PBXGroup;
			children = (
				F8A6B6F529D10C6400140A53 /* UserBuilder.swift */,
				F8A6B6F129D1008200140A53 /* UserRepo.swift */,
				F8A6B6ED29D0F0D300140A53 /* WorkspaceRepo.swift */,
				F8A6B6F729D1140400140A53 /* DocumentRepo.swift */,
				F8A6B6F929D11D5B00140A53 /* LabelRepo.swift */,
				F8403DD429D3B1440027A196 /* LabelLinkRepo.swift */,
				F87A06DD29DEB11F002CC7EF /* SyncMessageRepo.swift */,
			);
			path = Repositories;
			sourceTree = "<group>";
		};
		F8BF73A929C7E51400BA826E /* App */ = {
			isa = PBXGroup;
			children = (
				F8BF73AA29C7E52200BA826E /* AppMacOS.swift */,
				F84D088329C817E900410C10 /* GlobalDimensionMacOS.swift */,
			);
			path = App;
			sourceTree = "<group>";
		};
		F8BF73AD29C7E65900BA826E /* Components */ = {
			isa = PBXGroup;
			children = (
				F807C8BF29C9142E00B7B239 /* LabelField */,
				F8BF73B229C7E9F600BA826E /* Toolbar */,
				F8BF73AE29C7E7B100BA826E /* SplitView */,
				F8BF73D529C7FDF100BA826E /* Sidebar */,
				F807C8BC29C9131A00B7B239 /* Labels */,
				F84D087829C808B500410C10 /* DocumentView */,
				F81CC936279D108400A1F693 /* TreeView */,
				F8158FCE29C7D348004E56C1 /* WorkspaceMenu.swift */,
				F8EA1EC529E1DE9200931810 /* SyncStatusIconView.swift */,
				F8E5A70F27B1EC8D001A5C43 /* LoadingView.swift */,
				F88D5EED29D9CE5B0088338F /* LoadingSpinnerView.swift */,
				F88550AB29D9B51200EE458C /* SignInView.swift */,
				F896E90329DA3BC500296073 /* AddLabelView.swift */,
			);
			path = Components;
			sourceTree = "<group>";
		};
		F8BF73AE29C7E7B100BA826E /* SplitView */ = {
			isa = PBXGroup;
			children = (
				F8BF73AF29C7E7BD00BA826E /* SplitView.swift */,
			);
			path = SplitView;
			sourceTree = "<group>";
		};
		F8BF73B229C7E9F600BA826E /* Toolbar */ = {
			isa = PBXGroup;
			children = (
				F8BF73B329C7EA2200BA826E /* ToolbarView.swift */,
			);
			path = Toolbar;
			sourceTree = "<group>";
		};
		F8BF73D529C7FDF100BA826E /* Sidebar */ = {
			isa = PBXGroup;
			children = (
				F8BF73D629C7FDFD00BA826E /* SidebarView.swift */,
				F832C8F029CAA34E00ECA57B /* GearIconVIew.swift */,
			);
			path = Sidebar;
			sourceTree = "<group>";
		};
		F8EA406B279CFF54001F74B5 = {
			isa = PBXGroup;
			children = (
				F8EA4070279CFF54001F74B5 /* Shared */,
				F84D088A29C81DA100410C10 /* iOS */,
				F8EA407F279CFF55001F74B5 /* macOS */,
				F8EA4079279CFF55001F74B5 /* Products */,
				F899DFF9279E87E500305AFA /* Frameworks */,
			);
			sourceTree = "<group>";
		};
		F8EA4070279CFF54001F74B5 /* Shared */ = {
			isa = PBXGroup;
			children = (
				F8BF73D329C7FD1C00BA826E /* ContentView.swift */,
				F84D088129C80CE600410C10 /* ContentViewVM.swift */,
				F8403DD629D521510027A196 /* Containers */,
				F8BF73AD29C7E65900BA826E /* Components */,
				F8A6B6DD29D0E39F00140A53 /* Model */,
				F86C9F1527B0C7A8002DD87A /* DB Model */,
				F8A6B6EC29D0F0A000140A53 /* Repositories */,
				F88D5EF329D9D40B0088338F /* Services */,
				F8A6B6E629D0EAA900140A53 /* DataSeeder.swift */,
				F832C8F229CAA43400ECA57B /* SettingsView.swift */,
				F875124827B4A11500E86D57 /* TreeDocumentIdentifier.swift */,
				F8E19E5629A8669000BD0BB9 /* Spacing.swift */,
				F8E19E5929A8695B00BD0BB9 /* ColorPalette.swift */,
				F82EC67829D54BB6009C46BE /* GNColor.swift */,
				F82EC67E29D54D03009C46BE /* GlobalDimension.swift */,
				F82EC68529D5580F009C46BE /* HorizontalFlexView.swift */,
				F8EA4073279CFF54001F74B5 /* Assets.xcassets */,
				F88550B129D9B82B00EE458C /* AppGlobalUIState.swift */,
			);
			path = Shared;
			sourceTree = "<group>";
		};
		F8EA4079279CFF55001F74B5 /* Products */ = {
			isa = PBXGroup;
			children = (
				F8EA407E279CFF55001F74B5 /* Graphnote.app */,
				F8403DE329D54A5A0027A196 /* Graphnote (iOS).app */,
			);
			name = Products;
			sourceTree = "<group>";
		};
		F8EA407F279CFF55001F74B5 /* macOS */ = {
			isa = PBXGroup;
			children = (
				F88D5EF729D9F2700088338F /* Graphnote--macOS--Info.plist */,
				F8BF73A929C7E51400BA826E /* App */,
				F8EA4080279CFF55001F74B5 /* macOS.entitlements */,
			);
			path = macOS;
			sourceTree = "<group>";
		};
/* End PBXGroup section */

/* Begin PBXNativeTarget section */
		F8403DE229D54A5A0027A196 /* Graphnote (iOS) */ = {
			isa = PBXNativeTarget;
			buildConfigurationList = F8403DF029D54A5B0027A196 /* Build configuration list for PBXNativeTarget "Graphnote (iOS)" */;
			buildPhases = (
				F8403DDF29D54A5A0027A196 /* Sources */,
				F8403DE029D54A5A0027A196 /* Frameworks */,
				F8403DE129D54A5A0027A196 /* Resources */,
			);
			buildRules = (
			);
			dependencies = (
			);
			name = "Graphnote (iOS)";
			productName = "Graphnote (iOS)";
			productReference = F8403DE329D54A5A0027A196 /* Graphnote (iOS).app */;
			productType = "com.apple.product-type.application";
		};
		F8EA407D279CFF55001F74B5 /* Graphnote (macOS) */ = {
			isa = PBXNativeTarget;
			buildConfigurationList = F8EA40A4279CFF55001F74B5 /* Build configuration list for PBXNativeTarget "Graphnote (macOS)" */;
			buildPhases = (
				F8EA407A279CFF55001F74B5 /* Sources */,
				F8EA407B279CFF55001F74B5 /* Frameworks */,
				F8EA407C279CFF55001F74B5 /* Resources */,
			);
			buildRules = (
			);
			dependencies = (
			);
			name = "Graphnote (macOS)";
			packageProductDependencies = (
			);
			productName = "Graphnote (macOS)";
			productReference = F8EA407E279CFF55001F74B5 /* Graphnote.app */;
			productType = "com.apple.product-type.application";
		};
/* End PBXNativeTarget section */

/* Begin PBXProject section */
		F8EA406C279CFF54001F74B5 /* Project object */ = {
			isa = PBXProject;
			attributes = {
				BuildIndependentTargetsInParallel = 1;
				LastSwiftUpdateCheck = 1410;
				LastUpgradeCheck = 1420;
				TargetAttributes = {
					F8403DE229D54A5A0027A196 = {
						CreatedOnToolsVersion = 14.1;
					};
					F8EA407D279CFF55001F74B5 = {
						CreatedOnToolsVersion = 13.2.1;
					};
				};
			};
			buildConfigurationList = F8EA406F279CFF54001F74B5 /* Build configuration list for PBXProject "Graphnote" */;
			compatibilityVersion = "Xcode 13.0";
			developmentRegion = en;
			hasScannedForEncodings = 0;
			knownRegions = (
				en,
				Base,
			);
			mainGroup = F8EA406B279CFF54001F74B5;
			packageReferences = (
			);
			productRefGroup = F8EA4079279CFF55001F74B5 /* Products */;
			projectDirPath = "";
			projectRoot = "";
			targets = (
				F8EA407D279CFF55001F74B5 /* Graphnote (macOS) */,
				F8403DE229D54A5A0027A196 /* Graphnote (iOS) */,
			);
		};
/* End PBXProject section */

/* Begin PBXResourcesBuildPhase section */
		F8403DE129D54A5A0027A196 /* Resources */ = {
			isa = PBXResourcesBuildPhase;
			buildActionMask = 2147483647;
			files = (
			);
			runOnlyForDeploymentPostprocessing = 0;
		};
		F8EA407C279CFF55001F74B5 /* Resources */ = {
			isa = PBXResourcesBuildPhase;
			buildActionMask = 2147483647;
			files = (
				F8EA409E279CFF55001F74B5 /* Assets.xcassets in Resources */,
			);
			runOnlyForDeploymentPostprocessing = 0;
		};
/* End PBXResourcesBuildPhase section */

/* Begin PBXSourcesBuildPhase section */
		F8403DDF29D54A5A0027A196 /* Sources */ = {
			isa = PBXSourcesBuildPhase;
			buildActionMask = 2147483647;
			files = (
				F88550B429D9BA8300EE458C /* Assets.xcassets in Sources */,
				F82EC6A229D56714009C46BE /* MobileUtils.swift in Sources */,
				F82EC68729D55846009C46BE /* HorizontalFlexView.swift in Sources */,
				F82EC68329D54F24009C46BE /* ContentView.swift in Sources */,
				F88550B329D9B82B00EE458C /* AppGlobalUIState.swift in Sources */,
				F82EC68429D54F24009C46BE /* ContentViewVM.swift in Sources */,
				F82EC68229D54EEE009C46BE /* GlobalDimension.swift in Sources */,
				F82EC68129D54EDC009C46BE /* ToolbarView.swift in Sources */,
				F82EC68029D54EC1009C46BE /* SplitView.swift in Sources */,
				F82EC67D29D54CD5009C46BE /* GlobalDimensionIOS.swift in Sources */,
				F82EC67A29D54C26009C46BE /* GNColor.swift in Sources */,
				F82EC63C29D54B62009C46BE /* DocumentContainer.swift in Sources */,
				F82EC63D29D54B62009C46BE /* DocumentContainerVM.swift in Sources */,
				F82EC63E29D54B62009C46BE /* SidebarView.swift in Sources */,
				F82EC63F29D54B62009C46BE /* GearIconVIew.swift in Sources */,
				F82EC64029D54B62009C46BE /* LabelField.swift in Sources */,
				F82EC64129D54B62009C46BE /* EditIconView.swift in Sources */,
				F8EA1EC429E1D6ED00931810 /* TreeDocView.swift in Sources */,
				F82EC64229D54B62009C46BE /* CheckmarkIconView.swift in Sources */,
				F82EC64329D54B62009C46BE /* XMarkIconView.swift in Sources */,
				F8EA1ED029E219F500931810 /* SyncMessageIDEntity.swift in Sources */,
				F82EC64429D54B62009C46BE /* LabelView.swift in Sources */,
				F82EC64529D54B62009C46BE /* LabelColor.swift in Sources */,
				F82EC64629D54B62009C46BE /* LabelPalette.swift in Sources */,
				F82EC64729D54B62009C46BE /* LabelContextMenu.swift in Sources */,
				F82EC64829D54B62009C46BE /* BlockSpacer.swift in Sources */,
				F82EC64929D54B62009C46BE /* BulletView.swift in Sources */,
				F8EA1EC729E1DE9200931810 /* SyncStatusIconView.swift in Sources */,
				F82EC64A29D54B62009C46BE /* BlockType.swift in Sources */,
				F863496429E03ED800C49D0B /* DBQueue.swift in Sources */,
				F82EC64B29D54B62009C46BE /* EmptyBlockView.swift in Sources */,
				F82EC64C29D54B62009C46BE /* PromptField.swift in Sources */,
				F82EC64D29D54B62009C46BE /* BodyView.swift in Sources */,
				F82EC64E29D54B62009C46BE /* HeadingView.swift in Sources */,
				F82EC64F29D54B62009C46BE /* BlockView.swift in Sources */,
				F82EC65029D54B62009C46BE /* DocumentView.swift in Sources */,
				F82EC65129D54B62009C46BE /* ArrowView.swift in Sources */,
				F82EC65229D54B62009C46BE /* TreeBulletView.swift in Sources */,
				F87A06DC29DEAFDE002CC7EF /* SyncMessageEntity.swift in Sources */,
				F82EC65329D54B62009C46BE /* TreeTagView.swift in Sources */,
				F8AAD1F629DD358200863A7D /* SyncService.swift in Sources */,
				F82EC65429D54B62009C46BE /* TreeViewAddView.swift in Sources */,
				F82EC65529D54B62009C46BE /* CheckmarkView.swift in Sources */,
				F82EC65629D54B62009C46BE /* TreeView.swift in Sources */,
				F82EC65729D54B62009C46BE /* TreeViewItem.swift in Sources */,
				F82EC65829D54B62009C46BE /* TreeViewLabel.swift in Sources */,
				F82EC65929D54B62009C46BE /* TreeViewLine.swift in Sources */,
				F82EC65A29D54B62009C46BE /* TreeViewSubline.swift in Sources */,
				F82EC65B29D54B62009C46BE /* WorkspaceMenu.swift in Sources */,
				F82EC65C29D54B62009C46BE /* LoadingView.swift in Sources */,
				F896E90529DA3BC500296073 /* AddLabelView.swift in Sources */,
				F82EC65D29D54B62009C46BE /* MenuCardView.swift in Sources */,
				F82EC65E29D54B62009C46BE /* Workspace.swift in Sources */,
				F82EC65F29D54B62009C46BE /* Document.swift in Sources */,
				F82EC66029D54B62009C46BE /* Block.swift in Sources */,
				F86D892229DBCABC008C707C /* LabelService.swift in Sources */,
				F82EC66129D54B62009C46BE /* Label.swift in Sources */,
				F82EC66229D54B62009C46BE /* LabelLink.swift in Sources */,
				F82EC66329D54B62009C46BE /* User.swift in Sources */,
				F88D5EEF29D9CE5B0088338F /* LoadingSpinnerView.swift in Sources */,
				F82EC66429D54B62009C46BE /* Graphnote.xcdatamodeld in Sources */,
				F82EC66529D54B62009C46BE /* DataController.swift in Sources */,
				F82EC66629D54B62009C46BE /* LabelEntity.swift in Sources */,
				F82EC66729D54B62009C46BE /* LabelLinkEntity.swift in Sources */,
				F88D5EF229D9D4060088338F /* AuthService.swift in Sources */,
				F82EC66829D54B62009C46BE /* DocumentEntity.swift in Sources */,
				F82EC66929D54B62009C46BE /* BlockEntity.swift in Sources */,
				F82EC66A29D54B62009C46BE /* WorkspaceEntity.swift in Sources */,
				F82EC66B29D54B62009C46BE /* UserEntity.swift in Sources */,
				F82EC66C29D54B62009C46BE /* UserBuilder.swift in Sources */,
				F82EC66D29D54B62009C46BE /* UserRepo.swift in Sources */,
				F82EC66E29D54B62009C46BE /* WorkspaceRepo.swift in Sources */,
				F82EC66F29D54B62009C46BE /* DocumentRepo.swift in Sources */,
				F82EC67029D54B62009C46BE /* LabelRepo.swift in Sources */,
				F82EC67129D54B62009C46BE /* LabelLinkRepo.swift in Sources */,
				F82EC67229D54B62009C46BE /* DataSeeder.swift in Sources */,
				F87A06DF29DEB11F002CC7EF /* SyncMessageRepo.swift in Sources */,
				F88550AD29D9B51200EE458C /* SignInView.swift in Sources */,
				F82EC67329D54B62009C46BE /* SettingsView.swift in Sources */,
				F82EC67429D54B62009C46BE /* TreeDocumentIdentifier.swift in Sources */,
				F82EC67529D54B62009C46BE /* Spacing.swift in Sources */,
				F87A06D929DE923E002CC7EF /* SyncMessage.swift in Sources */,
				F82EC67629D54B62009C46BE /* ColorPalette.swift in Sources */,
				F8403DE629D54A5A0027A196 /* AppIOS.swift in Sources */,
				F8494DF429E8E1DC004DBA87 /* DataService.swift in Sources */,
			);
			runOnlyForDeploymentPostprocessing = 0;
		};
		F8EA407A279CFF55001F74B5 /* Sources */ = {
			isa = PBXSourcesBuildPhase;
			buildActionMask = 2147483647;
			files = (
				F8BF73C629C7F54900BA826E /* DataController.swift in Sources */,
				F8A6B6E129D0E40200140A53 /* Workspace.swift in Sources */,
				F832C8ED29CA5FE600ECA57B /* TreeViewSubline.swift in Sources */,
				F807C8C529C9170500B7B239 /* CheckmarkIconView.swift in Sources */,
				F863496329E03ED800C49D0B /* DBQueue.swift in Sources */,
				F84D088029C809FE00410C10 /* HeadingView.swift in Sources */,
				F8BF73CA29C7F54900BA826E /* DocumentEntity.swift in Sources */,
				F88D5EF129D9D4060088338F /* AuthService.swift in Sources */,
				F84D087C29C809FE00410C10 /* PromptField.swift in Sources */,
				F88D5EEE29D9CE5B0088338F /* LoadingSpinnerView.swift in Sources */,
				F84D087A29C809FE00410C10 /* BodyView.swift in Sources */,
				F88550B229D9B82B00EE458C /* AppGlobalUIState.swift in Sources */,
				F8A6B6FC29D1279300140A53 /* LabelLinkEntity.swift in Sources */,
				F84D087B29C809FE00410C10 /* BulletView.swift in Sources */,
				F8A6B6DF29D0E3D800140A53 /* Document.swift in Sources */,
				F8A6B6F429D1028000140A53 /* UserEntity.swift in Sources */,
				F807C8C329C9161B00B7B239 /* EditIconView.swift in Sources */,
				F84D087929C809ED00410C10 /* BlockView.swift in Sources */,
				F8EA1EC629E1DE9200931810 /* SyncStatusIconView.swift in Sources */,
				F8494DF329E8E1DC004DBA87 /* DataService.swift in Sources */,
				F807C8C129C9144500B7B239 /* LabelField.swift in Sources */,
				F88550AC29D9B51200EE458C /* SignInView.swift in Sources */,
				F84D088429C817E900410C10 /* GlobalDimensionMacOS.swift in Sources */,
				F8BF73D729C7FDFD00BA826E /* SidebarView.swift in Sources */,
				F8A6B6F629D10C6400140A53 /* UserBuilder.swift in Sources */,
				F8A6B6EE29D0F0D300140A53 /* WorkspaceRepo.swift in Sources */,
				F8A6B6F229D1008200140A53 /* UserRepo.swift in Sources */,
				F807C8C929C919A100B7B239 /* LabelColor.swift in Sources */,
				F8A6B6FA29D11D5B00140A53 /* LabelRepo.swift in Sources */,
				F8A6B6E529D0E94E00140A53 /* LabelEntity.swift in Sources */,
				F8A6B6F029D0FB8B00140A53 /* User.swift in Sources */,
				F84D088629C81AAA00410C10 /* TreeView.swift in Sources */,
				F82EC67929D54BB6009C46BE /* GNColor.swift in Sources */,
				F8BF73CB29C7F54900BA826E /* BlockEntity.swift in Sources */,
				F82EC68629D5580F009C46BE /* HorizontalFlexView.swift in Sources */,
				F896E90429DA3BC500296073 /* AddLabelView.swift in Sources */,
				F84D088229C80CE600410C10 /* ContentViewVM.swift in Sources */,
				F8A6B6E729D0EAA900140A53 /* DataSeeder.swift in Sources */,
				F82EC67C29D54C61009C46BE /* GlobalDimensionIOS.swift in Sources */,
				F8A6B70229D2740600140A53 /* LabelLink.swift in Sources */,
				F84D857D29CBEA35006538EA /* LabelContextMenu.swift in Sources */,
				F8BF73CC29C7F54900BA826E /* WorkspaceEntity.swift in Sources */,
				F832C8EB29CA5FDD00ECA57B /* TreeViewLine.swift in Sources */,
				F832C8F129CAA34E00ECA57B /* GearIconVIew.swift in Sources */,
				F8403DD529D3B1440027A196 /* LabelLinkRepo.swift in Sources */,
				F807C8C729C9172200B7B239 /* XMarkIconView.swift in Sources */,
				F832C8EF29CA61EF00ECA57B /* TreeViewItem.swift in Sources */,
				F84D087D29C809FE00410C10 /* EmptyBlockView.swift in Sources */,
				F8BF73BE29C7F52500BA826E /* ArrowView.swift in Sources */,
				F84D087729C808B100410C10 /* DocumentView.swift in Sources */,
				F8BF73D429C7FD1C00BA826E /* ContentView.swift in Sources */,
				F8BF73BF29C7F52500BA826E /* TreeBulletView.swift in Sources */,
				F84D088929C81B4000410C10 /* TreeViewLabel.swift in Sources */,
				F84D087E29C809FE00410C10 /* BlockType.swift in Sources */,
				F8A6B6FE29D2043300140A53 /* LabelPalette.swift in Sources */,
				F8A6B6F829D1140400140A53 /* DocumentRepo.swift in Sources */,
				F8A6B6DC29D0E39A00140A53 /* Block.swift in Sources */,
				F82EC67F29D54D03009C46BE /* GlobalDimension.swift in Sources */,
				F86D892129DBCABC008C707C /* LabelService.swift in Sources */,
				F832C8F329CAA43400ECA57B /* SettingsView.swift in Sources */,
				F8BF73CF29C7F57400BA826E /* TreeDocumentIdentifier.swift in Sources */,
				F8BF73C329C7F52500BA826E /* TreeTagView.swift in Sources */,
				F8BF73C529C7F52500BA826E /* CheckmarkView.swift in Sources */,
				F8403DD829D521610027A196 /* DocumentContainer.swift in Sources */,
				F8BF73B629C7EA5300BA826E /* ColorPalette.swift in Sources */,
				F8A6B6E929D0EAFD00140A53 /* Label.swift in Sources */,
				F8BF73AB29C7E52200BA826E /* AppMacOS.swift in Sources */,
				F8BF73BC29C7F38300BA826E /* WorkspaceMenu.swift in Sources */,
				F87A06D829DE923E002CC7EF /* SyncMessage.swift in Sources */,
				F8BF73B429C7EA2200BA826E /* ToolbarView.swift in Sources */,
				F8BF73B129C7E91900BA826E /* Spacing.swift in Sources */,
				F8EA1ECF29E219F500931810 /* SyncMessageIDEntity.swift in Sources */,
				F87A06DE29DEB11F002CC7EF /* SyncMessageRepo.swift in Sources */,
				F8D92886279FCEB9009CC9B9 /* Graphnote.xcdatamodeld in Sources */,
				F8403DDA29D521830027A196 /* DocumentContainerVM.swift in Sources */,
				F8BF73B029C7E7BD00BA826E /* SplitView.swift in Sources */,
				F8BF73D229C7F8C100BA826E /* LoadingView.swift in Sources */,
				F87A06DB29DEAFDE002CC7EF /* SyncMessageEntity.swift in Sources */,
				F84D087F29C809FE00410C10 /* BlockSpacer.swift in Sources */,
				F807C8BE29C9132600B7B239 /* LabelView.swift in Sources */,
				F8EA1EC329E1D6ED00931810 /* TreeDocView.swift in Sources */,
				F8BF73B829C7EB2700BA826E /* MenuCardView.swift in Sources */,
				F8AAD1F529DD358200863A7D /* SyncService.swift in Sources */,
			);
			runOnlyForDeploymentPostprocessing = 0;
		};
/* End PBXSourcesBuildPhase section */

/* Begin XCBuildConfiguration section */
		F8403DEE29D54A5B0027A196 /* Debug */ = {
			isa = XCBuildConfiguration;
			buildSettings = {
				ASSETCATALOG_COMPILER_APPICON_NAME = AppIcon;
				ASSETCATALOG_COMPILER_GLOBAL_ACCENT_COLOR_NAME = AccentColor;
				CLANG_CXX_LANGUAGE_STANDARD = "gnu++20";
				CODE_SIGN_ENTITLEMENTS = iOS/iOS.entitlements;
				CODE_SIGN_STYLE = Automatic;
				CURRENT_PROJECT_VERSION = 1;
				DEVELOPMENT_ASSET_PATHS = "\"iOS/Preview Content\"";
				DEVELOPMENT_TEAM = 3EZ5UQTGVP;
				ENABLE_PREVIEWS = YES;
				GENERATE_INFOPLIST_FILE = YES;
				INFOPLIST_FILE = "iOS/Graphnote--iOS--Info.plist";
				INFOPLIST_KEY_UIApplicationSupportsIndirectInputEvents = YES;
				INFOPLIST_KEY_UILaunchScreen_Generation = YES;
				INFOPLIST_KEY_UISupportedInterfaceOrientations_iPad = "UIInterfaceOrientationPortrait UIInterfaceOrientationPortraitUpsideDown UIInterfaceOrientationLandscapeLeft UIInterfaceOrientationLandscapeRight";
				INFOPLIST_KEY_UISupportedInterfaceOrientations_iPhone = "UIInterfaceOrientationPortrait UIInterfaceOrientationLandscapeLeft UIInterfaceOrientationLandscapeRight";
				IPHONEOS_DEPLOYMENT_TARGET = 16.1;
				LD_RUNPATH_SEARCH_PATHS = (
					"$(inherited)",
					"@executable_path/Frameworks",
				);
				MARKETING_VERSION = 1.0;
				PRODUCT_BUNDLE_IDENTIFIER = com.cerebralstudio.Graphnote;
				PRODUCT_NAME = "$(TARGET_NAME)";
				SDKROOT = iphoneos;
				SUPPORTED_PLATFORMS = "iphoneos iphonesimulator";
				SUPPORTS_MACCATALYST = NO;
				SUPPORTS_MAC_DESIGNED_FOR_IPHONE_IPAD = NO;
				SWIFT_EMIT_LOC_STRINGS = YES;
				SWIFT_VERSION = 5.0;
				TARGETED_DEVICE_FAMILY = "1,2";
			};
			name = Debug;
		};
		F8403DEF29D54A5B0027A196 /* Release */ = {
			isa = XCBuildConfiguration;
			buildSettings = {
				ASSETCATALOG_COMPILER_APPICON_NAME = AppIcon;
				ASSETCATALOG_COMPILER_GLOBAL_ACCENT_COLOR_NAME = AccentColor;
				CLANG_CXX_LANGUAGE_STANDARD = "gnu++20";
				CODE_SIGN_ENTITLEMENTS = iOS/iOS.entitlements;
				CODE_SIGN_STYLE = Automatic;
				CURRENT_PROJECT_VERSION = 1;
				DEVELOPMENT_ASSET_PATHS = "\"iOS/Preview Content\"";
				DEVELOPMENT_TEAM = 3EZ5UQTGVP;
				ENABLE_PREVIEWS = YES;
				GENERATE_INFOPLIST_FILE = YES;
				INFOPLIST_FILE = "iOS/Graphnote--iOS--Info.plist";
				INFOPLIST_KEY_UIApplicationSupportsIndirectInputEvents = YES;
				INFOPLIST_KEY_UILaunchScreen_Generation = YES;
				INFOPLIST_KEY_UISupportedInterfaceOrientations_iPad = "UIInterfaceOrientationPortrait UIInterfaceOrientationPortraitUpsideDown UIInterfaceOrientationLandscapeLeft UIInterfaceOrientationLandscapeRight";
				INFOPLIST_KEY_UISupportedInterfaceOrientations_iPhone = "UIInterfaceOrientationPortrait UIInterfaceOrientationLandscapeLeft UIInterfaceOrientationLandscapeRight";
				IPHONEOS_DEPLOYMENT_TARGET = 16.1;
				LD_RUNPATH_SEARCH_PATHS = (
					"$(inherited)",
					"@executable_path/Frameworks",
				);
				MARKETING_VERSION = 1.0;
				PRODUCT_BUNDLE_IDENTIFIER = com.cerebralstudio.Graphnote;
				PRODUCT_NAME = "$(TARGET_NAME)";
				SDKROOT = iphoneos;
				SUPPORTED_PLATFORMS = "iphoneos iphonesimulator";
				SUPPORTS_MACCATALYST = NO;
				SUPPORTS_MAC_DESIGNED_FOR_IPHONE_IPAD = NO;
				SWIFT_EMIT_LOC_STRINGS = YES;
				SWIFT_VERSION = 5.0;
				TARGETED_DEVICE_FAMILY = "1,2";
				VALIDATE_PRODUCT = YES;
			};
			name = Release;
		};
		F8EA409F279CFF55001F74B5 /* Debug */ = {
			isa = XCBuildConfiguration;
			buildSettings = {
				ALWAYS_SEARCH_USER_PATHS = NO;
				CLANG_ANALYZER_NONNULL = YES;
				CLANG_ANALYZER_NUMBER_OBJECT_CONVERSION = YES_AGGRESSIVE;
				CLANG_CXX_LANGUAGE_STANDARD = "gnu++17";
				CLANG_CXX_LIBRARY = "libc++";
				CLANG_ENABLE_MODULES = YES;
				CLANG_ENABLE_OBJC_ARC = YES;
				CLANG_ENABLE_OBJC_WEAK = YES;
				CLANG_WARN_BLOCK_CAPTURE_AUTORELEASING = YES;
				CLANG_WARN_BOOL_CONVERSION = YES;
				CLANG_WARN_COMMA = YES;
				CLANG_WARN_CONSTANT_CONVERSION = YES;
				CLANG_WARN_DEPRECATED_OBJC_IMPLEMENTATIONS = YES;
				CLANG_WARN_DIRECT_OBJC_ISA_USAGE = YES_ERROR;
				CLANG_WARN_DOCUMENTATION_COMMENTS = YES;
				CLANG_WARN_EMPTY_BODY = YES;
				CLANG_WARN_ENUM_CONVERSION = YES;
				CLANG_WARN_INFINITE_RECURSION = YES;
				CLANG_WARN_INT_CONVERSION = YES;
				CLANG_WARN_NON_LITERAL_NULL_CONVERSION = YES;
				CLANG_WARN_OBJC_IMPLICIT_RETAIN_SELF = YES;
				CLANG_WARN_OBJC_LITERAL_CONVERSION = YES;
				CLANG_WARN_OBJC_ROOT_CLASS = YES_ERROR;
				CLANG_WARN_QUOTED_INCLUDE_IN_FRAMEWORK_HEADER = YES;
				CLANG_WARN_RANGE_LOOP_ANALYSIS = YES;
				CLANG_WARN_STRICT_PROTOTYPES = YES;
				CLANG_WARN_SUSPICIOUS_MOVE = YES;
				CLANG_WARN_UNGUARDED_AVAILABILITY = YES_AGGRESSIVE;
				CLANG_WARN_UNREACHABLE_CODE = YES;
				CLANG_WARN__DUPLICATE_METHOD_MATCH = YES;
				COPY_PHASE_STRIP = NO;
				DEAD_CODE_STRIPPING = YES;
				DEBUG_INFORMATION_FORMAT = dwarf;
				ENABLE_STRICT_OBJC_MSGSEND = YES;
				ENABLE_TESTABILITY = YES;
				GCC_C_LANGUAGE_STANDARD = gnu11;
				GCC_DYNAMIC_NO_PIC = NO;
				GCC_NO_COMMON_BLOCKS = YES;
				GCC_OPTIMIZATION_LEVEL = 0;
				GCC_PREPROCESSOR_DEFINITIONS = (
					"DEBUG=1",
					"$(inherited)",
				);
				GCC_WARN_64_TO_32_BIT_CONVERSION = YES;
				GCC_WARN_ABOUT_RETURN_TYPE = YES_ERROR;
				GCC_WARN_UNDECLARED_SELECTOR = YES;
				GCC_WARN_UNINITIALIZED_AUTOS = YES_AGGRESSIVE;
				GCC_WARN_UNUSED_FUNCTION = YES;
				GCC_WARN_UNUSED_VARIABLE = YES;
				MACOSX_DEPLOYMENT_TARGET = 13.0;
				MTL_ENABLE_DEBUG_INFO = INCLUDE_SOURCE;
				MTL_FAST_MATH = YES;
				ONLY_ACTIVE_ARCH = YES;
				SWIFT_ACTIVE_COMPILATION_CONDITIONS = DEBUG;
				SWIFT_OPTIMIZATION_LEVEL = "-Onone";
			};
			name = Debug;
		};
		F8EA40A0279CFF55001F74B5 /* Release */ = {
			isa = XCBuildConfiguration;
			buildSettings = {
				ALWAYS_SEARCH_USER_PATHS = NO;
				CLANG_ANALYZER_NONNULL = YES;
				CLANG_ANALYZER_NUMBER_OBJECT_CONVERSION = YES_AGGRESSIVE;
				CLANG_CXX_LANGUAGE_STANDARD = "gnu++17";
				CLANG_CXX_LIBRARY = "libc++";
				CLANG_ENABLE_MODULES = YES;
				CLANG_ENABLE_OBJC_ARC = YES;
				CLANG_ENABLE_OBJC_WEAK = YES;
				CLANG_WARN_BLOCK_CAPTURE_AUTORELEASING = YES;
				CLANG_WARN_BOOL_CONVERSION = YES;
				CLANG_WARN_COMMA = YES;
				CLANG_WARN_CONSTANT_CONVERSION = YES;
				CLANG_WARN_DEPRECATED_OBJC_IMPLEMENTATIONS = YES;
				CLANG_WARN_DIRECT_OBJC_ISA_USAGE = YES_ERROR;
				CLANG_WARN_DOCUMENTATION_COMMENTS = YES;
				CLANG_WARN_EMPTY_BODY = YES;
				CLANG_WARN_ENUM_CONVERSION = YES;
				CLANG_WARN_INFINITE_RECURSION = YES;
				CLANG_WARN_INT_CONVERSION = YES;
				CLANG_WARN_NON_LITERAL_NULL_CONVERSION = YES;
				CLANG_WARN_OBJC_IMPLICIT_RETAIN_SELF = YES;
				CLANG_WARN_OBJC_LITERAL_CONVERSION = YES;
				CLANG_WARN_OBJC_ROOT_CLASS = YES_ERROR;
				CLANG_WARN_QUOTED_INCLUDE_IN_FRAMEWORK_HEADER = YES;
				CLANG_WARN_RANGE_LOOP_ANALYSIS = YES;
				CLANG_WARN_STRICT_PROTOTYPES = YES;
				CLANG_WARN_SUSPICIOUS_MOVE = YES;
				CLANG_WARN_UNGUARDED_AVAILABILITY = YES_AGGRESSIVE;
				CLANG_WARN_UNREACHABLE_CODE = YES;
				CLANG_WARN__DUPLICATE_METHOD_MATCH = YES;
				COPY_PHASE_STRIP = NO;
				DEAD_CODE_STRIPPING = YES;
				DEBUG_INFORMATION_FORMAT = "dwarf-with-dsym";
				ENABLE_NS_ASSERTIONS = NO;
				ENABLE_STRICT_OBJC_MSGSEND = YES;
				GCC_C_LANGUAGE_STANDARD = gnu11;
				GCC_NO_COMMON_BLOCKS = YES;
				GCC_WARN_64_TO_32_BIT_CONVERSION = YES;
				GCC_WARN_ABOUT_RETURN_TYPE = YES_ERROR;
				GCC_WARN_UNDECLARED_SELECTOR = YES;
				GCC_WARN_UNINITIALIZED_AUTOS = YES_AGGRESSIVE;
				GCC_WARN_UNUSED_FUNCTION = YES;
				GCC_WARN_UNUSED_VARIABLE = YES;
				MACOSX_DEPLOYMENT_TARGET = 13.0;
				MTL_ENABLE_DEBUG_INFO = NO;
				MTL_FAST_MATH = YES;
				SWIFT_COMPILATION_MODE = wholemodule;
				SWIFT_OPTIMIZATION_LEVEL = "-O";
			};
			name = Release;
		};
		F8EA40A5279CFF55001F74B5 /* Debug */ = {
			isa = XCBuildConfiguration;
			buildSettings = {
				ASSETCATALOG_COMPILER_APPICON_NAME = AppIcon;
				ASSETCATALOG_COMPILER_GLOBAL_ACCENT_COLOR_NAME = AccentColor;
				CODE_SIGN_ENTITLEMENTS = macOS/macOS.entitlements;
				CODE_SIGN_IDENTITY = "-";
				"CODE_SIGN_IDENTITY[sdk=macosx*]" = "Apple Development";
				CODE_SIGN_STYLE = Automatic;
				COMBINE_HIDPI_IMAGES = YES;
				CURRENT_PROJECT_VERSION = 1;
				DEAD_CODE_STRIPPING = YES;
				DEVELOPMENT_TEAM = 3EZ5UQTGVP;
				ENABLE_HARDENED_RUNTIME = YES;
				ENABLE_PREVIEWS = YES;
				GENERATE_INFOPLIST_FILE = YES;
				INFOPLIST_FILE = "macOS/Graphnote--macOS--Info.plist";
				INFOPLIST_KEY_NSHumanReadableCopyright = "";
				LD_RUNPATH_SEARCH_PATHS = (
					"$(inherited)",
					"@executable_path/../Frameworks",
				);
				MACOSX_DEPLOYMENT_TARGET = 13.0;
				MARKETING_VERSION = 1.0;
				PRODUCT_BUNDLE_IDENTIFIER = com.cerebralstudio.Graphnote;
				PRODUCT_NAME = Graphnote;
				SDKROOT = macosx;
				SWIFT_EMIT_LOC_STRINGS = YES;
				SWIFT_VERSION = 5.0;
			};
			name = Debug;
		};
		F8EA40A6279CFF55001F74B5 /* Release */ = {
			isa = XCBuildConfiguration;
			buildSettings = {
				ASSETCATALOG_COMPILER_APPICON_NAME = AppIcon;
				ASSETCATALOG_COMPILER_GLOBAL_ACCENT_COLOR_NAME = AccentColor;
				CODE_SIGN_ENTITLEMENTS = macOS/macOS.entitlements;
				CODE_SIGN_IDENTITY = "-";
				"CODE_SIGN_IDENTITY[sdk=macosx*]" = "Apple Development";
				CODE_SIGN_STYLE = Automatic;
				COMBINE_HIDPI_IMAGES = YES;
				CURRENT_PROJECT_VERSION = 1;
				DEAD_CODE_STRIPPING = YES;
				DEVELOPMENT_TEAM = 3EZ5UQTGVP;
				ENABLE_HARDENED_RUNTIME = YES;
				ENABLE_PREVIEWS = YES;
				GENERATE_INFOPLIST_FILE = YES;
				INFOPLIST_FILE = "macOS/Graphnote--macOS--Info.plist";
				INFOPLIST_KEY_NSHumanReadableCopyright = "";
				LD_RUNPATH_SEARCH_PATHS = (
					"$(inherited)",
					"@executable_path/../Frameworks",
				);
				MACOSX_DEPLOYMENT_TARGET = 13.0;
				MARKETING_VERSION = 1.0;
				PRODUCT_BUNDLE_IDENTIFIER = com.cerebralstudio.Graphnote;
				PRODUCT_NAME = Graphnote;
				SDKROOT = macosx;
				SWIFT_EMIT_LOC_STRINGS = YES;
				SWIFT_VERSION = 5.0;
			};
			name = Release;
		};
/* End XCBuildConfiguration section */

/* Begin XCConfigurationList section */
		F8403DF029D54A5B0027A196 /* Build configuration list for PBXNativeTarget "Graphnote (iOS)" */ = {
			isa = XCConfigurationList;
			buildConfigurations = (
				F8403DEE29D54A5B0027A196 /* Debug */,
				F8403DEF29D54A5B0027A196 /* Release */,
			);
			defaultConfigurationIsVisible = 0;
			defaultConfigurationName = Release;
		};
		F8EA406F279CFF54001F74B5 /* Build configuration list for PBXProject "Graphnote" */ = {
			isa = XCConfigurationList;
			buildConfigurations = (
				F8EA409F279CFF55001F74B5 /* Debug */,
				F8EA40A0279CFF55001F74B5 /* Release */,
			);
			defaultConfigurationIsVisible = 0;
			defaultConfigurationName = Release;
		};
		F8EA40A4279CFF55001F74B5 /* Build configuration list for PBXNativeTarget "Graphnote (macOS)" */ = {
			isa = XCConfigurationList;
			buildConfigurations = (
				F8EA40A5279CFF55001F74B5 /* Debug */,
				F8EA40A6279CFF55001F74B5 /* Release */,
			);
			defaultConfigurationIsVisible = 0;
			defaultConfigurationName = Release;
		};
/* End XCConfigurationList section */

/* Begin XCVersionGroup section */
		F8D92883279FCEB9009CC9B9 /* Graphnote.xcdatamodeld */ = {
			isa = XCVersionGroup;
			children = (
				F8D92884279FCEB9009CC9B9 /* Graphnote.xcdatamodel */,
			);
			currentVersion = F8D92884279FCEB9009CC9B9 /* Graphnote.xcdatamodel */;
			path = Graphnote.xcdatamodeld;
			sourceTree = "<group>";
			versionGroupType = wrapper.xcdatamodel;
		};
/* End XCVersionGroup section */
	};
	rootObject = F8EA406C279CFF54001F74B5 /* Project object */;
}
